PODS:
  - OrderedObjectSet (5.0.0)

DEPENDENCIES:
  - OrderedObjectSet (= 5.0.0)

SPEC REPOS:
  https://github.com/cocoapods/specs.git:
    - OrderedObjectSet

SPEC CHECKSUMS:
  OrderedObjectSet: 7eb2d546c515a9dc5ac321ce5605d4e96f5d4c3c

PODFILE CHECKSUM: 53fb719d86df22c1a21eb0a60f15dcdb84caf2ac

COCOAPODS: 1.7.0.beta.2
