<?xml version="1.0" encoding="UTF-8"?>
<!DOCTYPE plist PUBLIC "-//Apple//DTD PLIST 1.0//EN" "http://www.apple.com/DTDs/PropertyList-1.0.dtd">
<plist version="1.0">
<dict>
	<key>archiveVersion</key>
	<string>1</string>
	<key>classes</key>
	<dict/>
	<key>objectVersion</key>
	<string>46</string>
	<key>objects</key>
	<dict>
		<key>18214F72672F1F8524226E43</key>
		<dict>
			<key>fileRef</key>
			<string>E3B14854AC9BC61711B17179</string>
			<key>isa</key>
			<string>PBXBuildFile</string>
		</dict>
		<key>1AFCDBC35AD08D29DA36E185</key>
		<dict>
			<key>includeInIndex</key>
			<string>1</string>
			<key>isa</key>
			<string>PBXFileReference</string>
			<key>lastKnownFileType</key>
			<string>text.xcconfig</string>
			<key>name</key>
			<string>Pods-SwiftTable.debug.xcconfig</string>
			<key>path</key>
			<string>Pods/Target Support Files/Pods-SwiftTable/Pods-SwiftTable.debug.xcconfig</string>
			<key>sourceTree</key>
			<string>&lt;group&gt;</string>
		</dict>
		<key>202D9A7672A894236C5432FC</key>
		<dict>
			<key>includeInIndex</key>
			<string>1</string>
			<key>isa</key>
			<string>PBXFileReference</string>
			<key>lastKnownFileType</key>
			<string>text.xcconfig</string>
			<key>name</key>
			<string>Pods-SwiftTable.release.xcconfig</string>
			<key>path</key>
			<string>Pods/Target Support Files/Pods-SwiftTable/Pods-SwiftTable.release.xcconfig</string>
			<key>sourceTree</key>
			<string>&lt;group&gt;</string>
		</dict>
		<key>7159C61C0D64F1B53F671433</key>
		<dict>
			<key>buildActionMask</key>
			<string>2147483647</string>
			<key>files</key>
			<array>
				<string>18214F72672F1F8524226E43</string>
			</array>
			<key>isa</key>
			<string>PBXFrameworksBuildPhase</string>
			<key>runOnlyForDeploymentPostprocessing</key>
			<string>0</string>
		</dict>
		<key>95D35AC7E281463D06911B54</key>
		<dict>
			<key>explicitFileType</key>
			<string>archive.ar</string>
			<key>includeInIndex</key>
			<string>0</string>
			<key>isa</key>
			<string>PBXFileReference</string>
			<key>path</key>
			<string>libPods-SwiftTableTests.a</string>
			<key>sourceTree</key>
			<string>BUILT_PRODUCTS_DIR</string>
		</dict>
		<key>A237B5071C6F9841007B6E14</key>
		<dict>
			<key>fileEncoding</key>
			<string>4</string>
			<key>isa</key>
			<string>PBXFileReference</string>
			<key>lastKnownFileType</key>
			<string>sourcecode.swift</string>
			<key>path</key>
			<string>_Table.swift</string>
			<key>sourceTree</key>
			<string>&lt;group&gt;</string>
		</dict>
		<key>A237B5081C6F9841007B6E14</key>
		<dict>
			<key>fileRef</key>
			<string>A237B5071C6F9841007B6E14</string>
			<key>isa</key>
			<string>PBXBuildFile</string>
		</dict>
		<key>A237B5091C6F9932007B6E14</key>
		<dict>
			<key>children</key>
			<array>
				<string>A2601A601C729B1800303A09</string>
				<string>A24469BC1C6FEE8900CF6A0F</string>
				<string>A237B5071C6F9841007B6E14</string>
			</array>
			<key>isa</key>
			<string>PBXGroup</string>
			<key>path</key>
			<string>Base</string>
			<key>sourceTree</key>
			<string>&lt;group&gt;</string>
		</dict>
		<key>A237B50A1C6F9D37007B6E14</key>
		<dict>
			<key>fileEncoding</key>
			<string>4</string>
			<key>isa</key>
			<string>PBXFileReference</string>
			<key>lastKnownFileType</key>
			<string>text</string>
			<key>path</key>
			<string>SwiftTable.podspec</string>
			<key>sourceTree</key>
			<string>&lt;group&gt;</string>
		</dict>
		<key>A237B50B1C6F9D37007B6E14</key>
		<dict>
			<key>fileRef</key>
			<string>A237B50A1C6F9D37007B6E14</string>
			<key>isa</key>
			<string>PBXBuildFile</string>
		</dict>
		<key>A24469B61C6FEE4E00CF6A0F</key>
		<dict>
			<key>fileEncoding</key>
			<string>4</string>
			<key>isa</key>
			<string>PBXFileReference</string>
			<key>lastKnownFileType</key>
			<string>sourcecode.swift</string>
			<key>path</key>
			<string>RowSource.swift</string>
			<key>sourceTree</key>
			<string>&lt;group&gt;</string>
		</dict>
		<key>A24469B71C6FEE4E00CF6A0F</key>
		<dict>
			<key>fileRef</key>
			<string>A24469B61C6FEE4E00CF6A0F</string>
			<key>isa</key>
			<string>PBXBuildFile</string>
		</dict>
		<key>A24469B81C6FEE5200CF6A0F</key>
		<dict>
			<key>children</key>
			<array>
				<string>A2CF91EB1C72534900928EE7</string>
				<string>A2AD46D61C74D31600A509A1</string>
				<string>A2601A5A1C72942700303A09</string>
				<string>A24469B61C6FEE4E00CF6A0F</string>
			</array>
			<key>isa</key>
			<string>PBXGroup</string>
			<key>path</key>
			<string>RowSource</string>
			<key>sourceTree</key>
			<string>&lt;group&gt;</string>
		</dict>
		<key>A24469BC1C6FEE8900CF6A0F</key>
		<dict>
			<key>fileEncoding</key>
			<string>4</string>
			<key>isa</key>
			<string>PBXFileReference</string>
			<key>lastKnownFileType</key>
			<string>sourcecode.swift</string>
			<key>path</key>
			<string>_Section.swift</string>
			<key>sourceTree</key>
			<string>&lt;group&gt;</string>
		</dict>
		<key>A24469BD1C6FEE8900CF6A0F</key>
		<dict>
			<key>fileRef</key>
			<string>A24469BC1C6FEE8900CF6A0F</string>
			<key>isa</key>
			<string>PBXBuildFile</string>
		</dict>
		<key>A24469BF1C6FEF3200CF6A0F</key>
		<dict>
			<key>children</key>
			<array>
				<string>A24469C21C6FEF8700CF6A0F</string>
				<string>A2AD46D81C74D36400A509A1</string>
				<string>A2CF91E91C72508600928EE7</string>
				<string>A24469C01C6FEF3F00CF6A0F</string>
			</array>
			<key>isa</key>
			<string>PBXGroup</string>
			<key>path</key>
			<string>SectionSource</string>
			<key>sourceTree</key>
			<string>&lt;group&gt;</string>
		</dict>
		<key>A24469C01C6FEF3F00CF6A0F</key>
		<dict>
			<key>fileEncoding</key>
			<string>4</string>
			<key>isa</key>
			<string>PBXFileReference</string>
			<key>lastKnownFileType</key>
			<string>sourcecode.swift</string>
			<key>path</key>
			<string>SectionSource.swift</string>
			<key>sourceTree</key>
			<string>&lt;group&gt;</string>
		</dict>
		<key>A24469C11C6FEF3F00CF6A0F</key>
		<dict>
			<key>fileRef</key>
			<string>A24469C01C6FEF3F00CF6A0F</string>
			<key>isa</key>
			<string>PBXBuildFile</string>
		</dict>
		<key>A24469C21C6FEF8700CF6A0F</key>
		<dict>
			<key>fileEncoding</key>
			<string>4</string>
			<key>isa</key>
			<string>PBXFileReference</string>
			<key>lastKnownFileType</key>
			<string>sourcecode.swift</string>
			<key>path</key>
			<string>SectionSource+Implementation.swift</string>
			<key>sourceTree</key>
			<string>&lt;group&gt;</string>
		</dict>
		<key>A24469C31C6FEF8700CF6A0F</key>
		<dict>
			<key>fileRef</key>
			<string>A24469C21C6FEF8700CF6A0F</string>
			<key>isa</key>
			<string>PBXBuildFile</string>
		</dict>
		<key>A24469C41C721CEA00CF6A0F</key>
		<dict>
			<key>children</key>
			<array>
				<string>A24469C71C721DC400CF6A0F</string>
				<string>A24469C91C721E9C00CF6A0F</string>
				<string>A24469C51C721CFF00CF6A0F</string>
			</array>
			<key>isa</key>
			<string>PBXGroup</string>
			<key>path</key>
			<string>MultiTable</string>
			<key>sourceTree</key>
			<string>&lt;group&gt;</string>
		</dict>
		<key>A24469C51C721CFF00CF6A0F</key>
		<dict>
			<key>fileEncoding</key>
			<string>4</string>
			<key>isa</key>
			<string>PBXFileReference</string>
			<key>lastKnownFileType</key>
			<string>sourcecode.swift</string>
			<key>path</key>
			<string>MultiTable.swift</string>
			<key>sourceTree</key>
			<string>&lt;group&gt;</string>
		</dict>
		<key>A24469C61C721CFF00CF6A0F</key>
		<dict>
			<key>fileRef</key>
			<string>A24469C51C721CFF00CF6A0F</string>
			<key>isa</key>
			<string>PBXBuildFile</string>
		</dict>
		<key>A24469C71C721DC400CF6A0F</key>
		<dict>
			<key>fileEncoding</key>
			<string>4</string>
			<key>isa</key>
			<string>PBXFileReference</string>
			<key>lastKnownFileType</key>
			<string>sourcecode.swift</string>
			<key>path</key>
			<string>MultiTable+Implementation.swift</string>
			<key>sourceTree</key>
			<string>&lt;group&gt;</string>
		</dict>
		<key>A24469C81C721DC400CF6A0F</key>
		<dict>
			<key>fileRef</key>
			<string>A24469C71C721DC400CF6A0F</string>
			<key>isa</key>
			<string>PBXBuildFile</string>
		</dict>
		<key>A24469C91C721E9C00CF6A0F</key>
		<dict>
			<key>fileEncoding</key>
			<string>4</string>
			<key>isa</key>
			<string>PBXFileReference</string>
			<key>lastKnownFileType</key>
			<string>sourcecode.swift</string>
			<key>path</key>
			<string>MultiTable+Interface.swift</string>
			<key>sourceTree</key>
			<string>&lt;group&gt;</string>
		</dict>
		<key>A24469CA1C721E9C00CF6A0F</key>
		<dict>
			<key>fileRef</key>
			<string>A24469C91C721E9C00CF6A0F</string>
			<key>isa</key>
			<string>PBXBuildFile</string>
		</dict>
		<key>A24469CB1C7226C000CF6A0F</key>
		<dict>
			<key>children</key>
			<array>
				<string>A2978E561C724B2100BA1F77</string>
				<string>A2978E521C723D8B00BA1F77</string>
				<string>A24469CC1C7226D700CF6A0F</string>
			</array>
			<key>isa</key>
			<string>PBXGroup</string>
			<key>path</key>
			<string>Table</string>
			<key>sourceTree</key>
			<string>&lt;group&gt;</string>
		</dict>
		<key>A24469CC1C7226D700CF6A0F</key>
		<dict>
			<key>fileEncoding</key>
			<string>4</string>
			<key>isa</key>
			<string>PBXFileReference</string>
			<key>lastKnownFileType</key>
			<string>sourcecode.swift</string>
			<key>path</key>
			<string>SectionTable.swift</string>
			<key>sourceTree</key>
			<string>&lt;group&gt;</string>
		</dict>
		<key>A24469CD1C7226D700CF6A0F</key>
		<dict>
			<key>fileRef</key>
			<string>A24469CC1C7226D700CF6A0F</string>
			<key>isa</key>
			<string>PBXBuildFile</string>
		</dict>
		<key>A24469D01C7235F700CF6A0F</key>
		<dict>
			<key>children</key>
			<array>
				<string>A24469D11C72360600CF6A0F</string>
			</array>
			<key>isa</key>
			<string>PBXGroup</string>
			<key>path</key>
			<string>Parent</string>
			<key>sourceTree</key>
			<string>&lt;group&gt;</string>
		</dict>
		<key>A24469D11C72360600CF6A0F</key>
		<dict>
			<key>fileEncoding</key>
			<string>4</string>
			<key>isa</key>
			<string>PBXFileReference</string>
			<key>lastKnownFileType</key>
			<string>sourcecode.swift</string>
			<key>path</key>
			<string>ParentInterface.swift</string>
			<key>sourceTree</key>
			<string>&lt;group&gt;</string>
		</dict>
		<key>A24469D21C72360600CF6A0F</key>
		<dict>
			<key>fileRef</key>
			<string>A24469D11C72360600CF6A0F</string>
			<key>isa</key>
			<string>PBXBuildFile</string>
		</dict>
		<key>A2601A5A1C72942700303A09</key>
		<dict>
			<key>fileEncoding</key>
			<string>4</string>
			<key>isa</key>
			<string>PBXFileReference</string>
			<key>lastKnownFileType</key>
			<string>sourcecode.swift</string>
			<key>path</key>
			<string>RowSource+SectionSource.swift</string>
			<key>sourceTree</key>
			<string>&lt;group&gt;</string>
		</dict>
		<key>A2601A5B1C72942700303A09</key>
		<dict>
			<key>fileRef</key>
			<string>A2601A5A1C72942700303A09</string>
			<key>isa</key>
			<string>PBXBuildFile</string>
		</dict>
		<key>A2601A601C729B1800303A09</key>
		<dict>
			<key>fileEncoding</key>
			<string>4</string>
			<key>isa</key>
			<string>PBXFileReference</string>
			<key>lastKnownFileType</key>
			<string>sourcecode.swift</string>
			<key>path</key>
			<string>_Row.swift</string>
			<key>sourceTree</key>
			<string>&lt;group&gt;</string>
		</dict>
		<key>A2601A611C729B1800303A09</key>
		<dict>
			<key>fileRef</key>
			<string>A2601A601C729B1800303A09</string>
			<key>isa</key>
			<string>PBXBuildFile</string>
		</dict>
		<key>A2978E521C723D8B00BA1F77</key>
		<dict>
			<key>fileEncoding</key>
			<string>4</string>
			<key>isa</key>
			<string>PBXFileReference</string>
			<key>lastKnownFileType</key>
			<string>sourcecode.swift</string>
			<key>path</key>
			<string>SectionTable+Interface.swift</string>
			<key>sourceTree</key>
			<string>&lt;group&gt;</string>
		</dict>
		<key>A2978E531C723D8B00BA1F77</key>
		<dict>
			<key>fileRef</key>
			<string>A2978E521C723D8B00BA1F77</string>
			<key>isa</key>
			<string>PBXBuildFile</string>
		</dict>
		<key>A2978E541C7247C800BA1F77</key>
		<dict>
			<key>fileEncoding</key>
			<string>4</string>
			<key>isa</key>
			<string>PBXFileReference</string>
			<key>lastKnownFileType</key>
			<string>sourcecode.swift</string>
			<key>path</key>
			<string>NSIndexPath+Additions.swift</string>
			<key>sourceTree</key>
			<string>&lt;group&gt;</string>
		</dict>
		<key>A2978E551C7247C800BA1F77</key>
		<dict>
			<key>fileRef</key>
			<string>A2978E541C7247C800BA1F77</string>
			<key>isa</key>
			<string>PBXBuildFile</string>
		</dict>
		<key>A2978E561C724B2100BA1F77</key>
		<dict>
			<key>fileEncoding</key>
			<string>4</string>
			<key>isa</key>
			<string>PBXFileReference</string>
			<key>lastKnownFileType</key>
			<string>sourcecode.swift</string>
			<key>path</key>
			<string>SectionTable+Implementation.swift</string>
			<key>sourceTree</key>
			<string>&lt;group&gt;</string>
		</dict>
		<key>A2978E571C724B2100BA1F77</key>
		<dict>
			<key>fileRef</key>
			<string>A2978E561C724B2100BA1F77</string>
			<key>isa</key>
			<string>PBXBuildFile</string>
		</dict>
		<key>A2A6E74D1C6F954E00968ACD</key>
		<dict>
			<key>children</key>
			<array>
				<string>A2A6E7501C6F95AC00968ACD</string>
				<string>A2A6E74E1C6F955C00968ACD</string>
			</array>
			<key>isa</key>
			<string>PBXGroup</string>
			<key>path</key>
			<string>TableSource</string>
			<key>sourceTree</key>
			<string>&lt;group&gt;</string>
		</dict>
		<key>A2A6E74E1C6F955C00968ACD</key>
		<dict>
			<key>fileEncoding</key>
			<string>4</string>
			<key>isa</key>
			<string>PBXFileReference</string>
			<key>lastKnownFileType</key>
			<string>sourcecode.swift</string>
			<key>path</key>
			<string>TableSource.swift</string>
			<key>sourceTree</key>
			<string>&lt;group&gt;</string>
		</dict>
		<key>A2A6E74F1C6F955C00968ACD</key>
		<dict>
			<key>fileRef</key>
			<string>A2A6E74E1C6F955C00968ACD</string>
			<key>isa</key>
			<string>PBXBuildFile</string>
		</dict>
		<key>A2A6E7501C6F95AC00968ACD</key>
		<dict>
			<key>fileEncoding</key>
			<string>4</string>
			<key>isa</key>
			<string>PBXFileReference</string>
			<key>lastKnownFileType</key>
			<string>sourcecode.swift</string>
			<key>path</key>
			<string>TableSource+Implementation.swift</string>
			<key>sourceTree</key>
			<string>&lt;group&gt;</string>
		</dict>
		<key>A2A6E7511C6F95AC00968ACD</key>
		<dict>
			<key>fileRef</key>
			<string>A2A6E7501C6F95AC00968ACD</string>
			<key>isa</key>
			<string>PBXBuildFile</string>
		</dict>
		<key>A2AD46D61C74D31600A509A1</key>
		<dict>
			<key>fileEncoding</key>
			<string>4</string>
			<key>isa</key>
			<string>PBXFileReference</string>
			<key>lastKnownFileType</key>
			<string>sourcecode.swift</string>
			<key>path</key>
			<string>RowSource+SectionInterface.swift</string>
			<key>sourceTree</key>
			<string>&lt;group&gt;</string>
		</dict>
		<key>A2AD46D71C74D31600A509A1</key>
		<dict>
			<key>fileRef</key>
			<string>A2AD46D61C74D31600A509A1</string>
			<key>isa</key>
			<string>PBXBuildFile</string>
		</dict>
		<key>A2AD46D81C74D36400A509A1</key>
		<dict>
			<key>fileEncoding</key>
			<string>4</string>
			<key>isa</key>
			<string>PBXFileReference</string>
			<key>lastKnownFileType</key>
			<string>sourcecode.swift</string>
			<key>path</key>
			<string>SectionSource+TableInterface.swift</string>
			<key>sourceTree</key>
			<string>&lt;group&gt;</string>
		</dict>
		<key>A2AD46D91C74D36400A509A1</key>
		<dict>
			<key>fileRef</key>
			<string>A2AD46D81C74D36400A509A1</string>
			<key>isa</key>
			<string>PBXBuildFile</string>
		</dict>
		<key>A2AD46DA1C74D83A00A509A1</key>
		<dict>
			<key>children</key>
			<array>
				<string>A2978E541C7247C800BA1F77</string>
			</array>
			<key>isa</key>
			<string>PBXGroup</string>
			<key>path</key>
			<string>NSIndexPath</string>
			<key>sourceTree</key>
			<string>&lt;group&gt;</string>
		</dict>
		<key>A2C94E831C7660DC0043535F</key>
		<dict>
			<key>buildActionMask</key>
			<string>2147483647</string>
			<key>files</key>
			<array>
				<string>A2C94E8A1C7660DC0043535F</string>
			</array>
			<key>isa</key>
			<string>PBXSourcesBuildPhase</string>
			<key>runOnlyForDeploymentPostprocessing</key>
			<string>0</string>
		</dict>
		<key>A2C94E841C7660DC0043535F</key>
		<dict>
			<key>buildActionMask</key>
			<string>2147483647</string>
			<key>files</key>
			<array>
				<string>A2C94E8C1C7660DC0043535F</string>
			</array>
			<key>isa</key>
			<string>PBXFrameworksBuildPhase</string>
			<key>runOnlyForDeploymentPostprocessing</key>
			<string>0</string>
		</dict>
		<key>A2C94E851C7660DC0043535F</key>
		<dict>
			<key>buildActionMask</key>
			<string>2147483647</string>
			<key>files</key>
			<array/>
			<key>isa</key>
			<string>PBXResourcesBuildPhase</string>
			<key>runOnlyForDeploymentPostprocessing</key>
			<string>0</string>
		</dict>
		<key>A2C94E861C7660DC0043535F</key>
		<dict>
			<key>buildConfigurationList</key>
			<string>A2C94E8F1C7660DC0043535F</string>
			<key>buildPhases</key>
			<array>
				<string>A2C94E831C7660DC0043535F</string>
				<string>A2C94E841C7660DC0043535F</string>
				<string>A2C94E851C7660DC0043535F</string>
			</array>
			<key>buildRules</key>
			<array/>
			<key>dependencies</key>
			<array>
				<string>A2C94E8E1C7660DC0043535F</string>
			</array>
			<key>isa</key>
			<string>PBXNativeTarget</string>
			<key>name</key>
			<string>SwiftTableTests</string>
			<key>productName</key>
			<string>SwiftTableTests</string>
			<key>productReference</key>
			<string>A2C94E871C7660DC0043535F</string>
			<key>productType</key>
			<string>com.apple.product-type.bundle.unit-test</string>
		</dict>
		<key>A2C94E871C7660DC0043535F</key>
		<dict>
			<key>explicitFileType</key>
			<string>wrapper.cfbundle</string>
			<key>includeInIndex</key>
			<string>0</string>
			<key>isa</key>
			<string>PBXFileReference</string>
			<key>path</key>
			<string>SwiftTableTests.xctest</string>
			<key>sourceTree</key>
			<string>BUILT_PRODUCTS_DIR</string>
		</dict>
		<key>A2C94E881C7660DC0043535F</key>
		<dict>
			<key>children</key>
			<array>
				<string>A2C94E8B1C7660DC0043535F</string>
				<string>A2C94E891C7660DC0043535F</string>
			</array>
			<key>isa</key>
			<string>PBXGroup</string>
			<key>path</key>
			<string>SwiftTableTests</string>
			<key>sourceTree</key>
			<string>&lt;group&gt;</string>
		</dict>
		<key>A2C94E891C7660DC0043535F</key>
		<dict>
			<key>isa</key>
			<string>PBXFileReference</string>
			<key>lastKnownFileType</key>
			<string>sourcecode.swift</string>
			<key>path</key>
			<string>SwiftTableTests.swift</string>
			<key>sourceTree</key>
			<string>&lt;group&gt;</string>
		</dict>
		<key>A2C94E8A1C7660DC0043535F</key>
		<dict>
			<key>fileRef</key>
			<string>A2C94E891C7660DC0043535F</string>
			<key>isa</key>
			<string>PBXBuildFile</string>
		</dict>
		<key>A2C94E8B1C7660DC0043535F</key>
		<dict>
			<key>isa</key>
			<string>PBXFileReference</string>
			<key>lastKnownFileType</key>
			<string>text.plist.xml</string>
			<key>path</key>
			<string>Info.plist</string>
			<key>sourceTree</key>
			<string>&lt;group&gt;</string>
		</dict>
		<key>A2C94E8C1C7660DC0043535F</key>
		<dict>
			<key>fileRef</key>
			<string>A2E831EC1C6E92DC00614A3D</string>
			<key>isa</key>
			<string>PBXBuildFile</string>
		</dict>
		<key>A2C94E8D1C7660DC0043535F</key>
		<dict>
			<key>containerPortal</key>
			<string>A2E831E31C6E92DC00614A3D</string>
			<key>isa</key>
			<string>PBXContainerItemProxy</string>
			<key>proxyType</key>
			<string>1</string>
			<key>remoteGlobalIDString</key>
			<string>A2E831EB1C6E92DC00614A3D</string>
			<key>remoteInfo</key>
			<string>SwiftTable</string>
		</dict>
		<key>A2C94E8E1C7660DC0043535F</key>
		<dict>
			<key>isa</key>
			<string>PBXTargetDependency</string>
			<key>target</key>
			<string>A2E831EB1C6E92DC00614A3D</string>
			<key>targetProxy</key>
			<string>A2C94E8D1C7660DC0043535F</string>
		</dict>
		<key>A2C94E8F1C7660DC0043535F</key>
		<dict>
			<key>buildConfigurations</key>
			<array>
				<string>A2C94E901C7660DC0043535F</string>
				<string>A2C94E911C7660DC0043535F</string>
			</array>
			<key>defaultConfigurationIsVisible</key>
			<string>0</string>
			<key>defaultConfigurationName</key>
			<string>Release</string>
			<key>isa</key>
			<string>XCConfigurationList</string>
		</dict>
		<key>A2C94E901C7660DC0043535F</key>
		<dict>
			<key>buildSettings</key>
			<dict>
				<key>INFOPLIST_FILE</key>
				<string>SwiftTableTests/Info.plist</string>
				<key>LD_RUNPATH_SEARCH_PATHS</key>
				<string>$(inherited) @executable_path/Frameworks @loader_path/Frameworks</string>
				<key>PRODUCT_BUNDLE_IDENTIFIER</key>
				<string>com.bradhilton.SwiftTableTests</string>
				<key>PRODUCT_NAME</key>
				<string>$(TARGET_NAME)</string>
			</dict>
			<key>isa</key>
			<string>XCBuildConfiguration</string>
			<key>name</key>
			<string>Debug</string>
		</dict>
		<key>A2C94E911C7660DC0043535F</key>
		<dict>
			<key>buildSettings</key>
			<dict>
				<key>INFOPLIST_FILE</key>
				<string>SwiftTableTests/Info.plist</string>
				<key>LD_RUNPATH_SEARCH_PATHS</key>
				<string>$(inherited) @executable_path/Frameworks @loader_path/Frameworks</string>
				<key>PRODUCT_BUNDLE_IDENTIFIER</key>
				<string>com.bradhilton.SwiftTableTests</string>
				<key>PRODUCT_NAME</key>
				<string>$(TARGET_NAME)</string>
			</dict>
			<key>isa</key>
			<string>XCBuildConfiguration</string>
			<key>name</key>
			<string>Release</string>
		</dict>
		<key>A2CF91E91C72508600928EE7</key>
		<dict>
			<key>fileEncoding</key>
			<string>4</string>
			<key>isa</key>
			<string>PBXFileReference</string>
			<key>lastKnownFileType</key>
			<string>sourcecode.swift</string>
			<key>path</key>
			<string>SectionSource+TableSource.swift</string>
			<key>sourceTree</key>
			<string>&lt;group&gt;</string>
		</dict>
		<key>A2CF91EA1C72508600928EE7</key>
		<dict>
			<key>fileRef</key>
			<string>A2CF91E91C72508600928EE7</string>
			<key>isa</key>
			<string>PBXBuildFile</string>
		</dict>
		<key>A2CF91EB1C72534900928EE7</key>
		<dict>
			<key>fileEncoding</key>
			<string>4</string>
			<key>isa</key>
			<string>PBXFileReference</string>
			<key>lastKnownFileType</key>
			<string>sourcecode.swift</string>
			<key>path</key>
			<string>RowSource+Implementation.swift</string>
			<key>sourceTree</key>
			<string>&lt;group&gt;</string>
		</dict>
		<key>A2CF91EC1C72534900928EE7</key>
		<dict>
			<key>fileRef</key>
			<string>A2CF91EB1C72534900928EE7</string>
			<key>isa</key>
			<string>PBXBuildFile</string>
		</dict>
		<key>A2CF91ED1C7274A300928EE7</key>
		<dict>
			<key>children</key>
			<array>
				<string>A2CF91F01C7275BC00928EE7</string>
				<string>A2CF91F21C7277C100928EE7</string>
				<string>A2CF91EE1C7274B000928EE7</string>
			</array>
			<key>isa</key>
			<string>PBXGroup</string>
			<key>path</key>
			<string>RowSection</string>
			<key>sourceTree</key>
			<string>&lt;group&gt;</string>
		</dict>
		<key>A2CF91EE1C7274B000928EE7</key>
		<dict>
			<key>fileEncoding</key>
			<string>4</string>
			<key>isa</key>
			<string>PBXFileReference</string>
			<key>lastKnownFileType</key>
			<string>sourcecode.swift</string>
			<key>path</key>
			<string>RowSection.swift</string>
			<key>sourceTree</key>
			<string>&lt;group&gt;</string>
		</dict>
		<key>A2CF91EF1C7274B000928EE7</key>
		<dict>
			<key>fileRef</key>
			<string>A2CF91EE1C7274B000928EE7</string>
			<key>isa</key>
			<string>PBXBuildFile</string>
		</dict>
		<key>A2CF91F01C7275BC00928EE7</key>
		<dict>
			<key>fileEncoding</key>
			<string>4</string>
			<key>isa</key>
			<string>PBXFileReference</string>
			<key>lastKnownFileType</key>
			<string>sourcecode.swift</string>
			<key>path</key>
			<string>RowSection+Implementation.swift</string>
			<key>sourceTree</key>
			<string>&lt;group&gt;</string>
		</dict>
		<key>A2CF91F11C7275BC00928EE7</key>
		<dict>
			<key>fileRef</key>
			<string>A2CF91F01C7275BC00928EE7</string>
			<key>isa</key>
			<string>PBXBuildFile</string>
		</dict>
		<key>A2CF91F21C7277C100928EE7</key>
		<dict>
			<key>fileEncoding</key>
			<string>4</string>
			<key>isa</key>
			<string>PBXFileReference</string>
			<key>lastKnownFileType</key>
			<string>sourcecode.swift</string>
			<key>path</key>
			<string>RowSection+Interface.swift</string>
			<key>sourceTree</key>
			<string>&lt;group&gt;</string>
		</dict>
		<key>A2CF91F31C7277C100928EE7</key>
		<dict>
			<key>fileRef</key>
			<string>A2CF91F21C7277C100928EE7</string>
			<key>isa</key>
			<string>PBXBuildFile</string>
		</dict>
		<key>A2E831E21C6E92DC00614A3D</key>
		<dict>
			<key>children</key>
			<array>
				<string>A9DE28CF3FC602B8A7E69F78</string>
				<string>B0478AAFB5AF78FC4AEBC860</string>
				<string>A2E831ED1C6E92DC00614A3D</string>
				<string>A2E831EE1C6E92DC00614A3D</string>
				<string>A2C94E881C7660DC0043535F</string>
				<string>A237B50A1C6F9D37007B6E14</string>
			</array>
			<key>isa</key>
			<string>PBXGroup</string>
			<key>sourceTree</key>
			<string>&lt;group&gt;</string>
		</dict>
		<key>A2E831E31C6E92DC00614A3D</key>
		<dict>
			<key>attributes</key>
			<dict>
				<key>LastSwiftUpdateCheck</key>
				<string>0720</string>
				<key>LastUpgradeCheck</key>
				<string>0720</string>
				<key>ORGANIZATIONNAME</key>
				<string>Brad Hilton</string>
				<key>TargetAttributes</key>
				<dict>
					<key>A2C94E861C7660DC0043535F</key>
					<dict>
						<key>CreatedOnToolsVersion</key>
						<string>7.2</string>
					</dict>
					<key>A2E831EB1C6E92DC00614A3D</key>
					<dict>
						<key>CreatedOnToolsVersion</key>
						<string>7.2</string>
					</dict>
				</dict>
			</dict>
			<key>buildConfigurationList</key>
			<string>A2E831E61C6E92DC00614A3D</string>
			<key>compatibilityVersion</key>
			<string>Xcode 3.2</string>
			<key>developmentRegion</key>
			<string>English</string>
			<key>hasScannedForEncodings</key>
			<string>0</string>
			<key>isa</key>
			<string>PBXProject</string>
			<key>knownRegions</key>
			<array>
				<string>en</string>
			</array>
			<key>mainGroup</key>
			<string>A2E831E21C6E92DC00614A3D</string>
			<key>productRefGroup</key>
			<string>A2E831ED1C6E92DC00614A3D</string>
			<key>projectDirPath</key>
			<string></string>
			<key>projectReferences</key>
			<array/>
			<key>projectRoot</key>
			<string></string>
			<key>targets</key>
			<array>
				<string>A2E831EB1C6E92DC00614A3D</string>
				<string>A2C94E861C7660DC0043535F</string>
			</array>
		</dict>
		<key>A2E831E61C6E92DC00614A3D</key>
		<dict>
			<key>buildConfigurations</key>
			<array>
				<string>A2E831F21C6E92DC00614A3D</string>
				<string>A2E831F31C6E92DC00614A3D</string>
			</array>
			<key>defaultConfigurationIsVisible</key>
			<string>0</string>
			<key>defaultConfigurationName</key>
			<string>Release</string>
			<key>isa</key>
			<string>XCConfigurationList</string>
		</dict>
		<key>A2E831E71C6E92DC00614A3D</key>
		<dict>
			<key>buildActionMask</key>
			<string>2147483647</string>
			<key>files</key>
			<array>
				<string>A2601A611C729B1800303A09</string>
				<string>A24469CD1C7226D700CF6A0F</string>
				<string>A2CF91EA1C72508600928EE7</string>
				<string>A2AD46D91C74D36400A509A1</string>
				<string>A2601A5B1C72942700303A09</string>
				<string>A2CF91F11C7275BC00928EE7</string>
				<string>A24469C11C6FEF3F00CF6A0F</string>
				<string>A24469D21C72360600CF6A0F</string>
				<string>A2A6E7511C6F95AC00968ACD</string>
				<string>A237B5081C6F9841007B6E14</string>
				<string>A2E8320A1C6E9B2400614A3D</string>
				<string>A2AD46D71C74D31600A509A1</string>
				<string>A24469BD1C6FEE8900CF6A0F</string>
				<string>A2CF91EF1C7274B000928EE7</string>
				<string>A24469C81C721DC400CF6A0F</string>
				<string>A2E832101C6EA72F00614A3D</string>
				<string>A2E832121C6EAB1600614A3D</string>
				<string>A2E8320E1C6EA52D00614A3D</string>
				<string>A2978E571C724B2100BA1F77</string>
				<string>A2978E531C723D8B00BA1F77</string>
				<string>A2CF91EC1C72534900928EE7</string>
				<string>A24469B71C6FEE4E00CF6A0F</string>
				<string>A24469CA1C721E9C00CF6A0F</string>
				<string>A2E8321A1C6F80DD00614A3D</string>
				<string>A2E8320C1C6EA40900614A3D</string>
				<string>A2A6E74F1C6F955C00968ACD</string>
				<string>A2E832081C6E989900614A3D</string>
				<string>A2978E551C7247C800BA1F77</string>
				<string>A24469C61C721CFF00CF6A0F</string>
				<string>A24469C31C6FEF8700CF6A0F</string>
				<string>A2CF91F31C7277C100928EE7</string>
				<string>A2E832141C6EAC8000614A3D</string>
			</array>
			<key>isa</key>
			<string>PBXSourcesBuildPhase</string>
			<key>runOnlyForDeploymentPostprocessing</key>
			<string>0</string>
		</dict>
		<key>A2E831E91C6E92DC00614A3D</key>
		<dict>
			<key>buildActionMask</key>
			<string>2147483647</string>
			<key>files</key>
			<array>
				<string>A2E831F01C6E92DC00614A3D</string>
			</array>
			<key>isa</key>
			<string>PBXHeadersBuildPhase</string>
			<key>runOnlyForDeploymentPostprocessing</key>
			<string>0</string>
		</dict>
		<key>A2E831EA1C6E92DC00614A3D</key>
		<dict>
			<key>buildActionMask</key>
			<string>2147483647</string>
			<key>files</key>
			<array>
				<string>A237B50B1C6F9D37007B6E14</string>
			</array>
			<key>isa</key>
			<string>PBXResourcesBuildPhase</string>
			<key>runOnlyForDeploymentPostprocessing</key>
			<string>0</string>
		</dict>
		<key>A2E831EB1C6E92DC00614A3D</key>
		<dict>
			<key>buildConfigurationList</key>
			<string>A2E831F41C6E92DC00614A3D</string>
			<key>buildPhases</key>
			<array>
				<string>EB3EE5DF5D8B5DE9519E6DD2</string>
				<string>A2E831E71C6E92DC00614A3D</string>
				<string>A2E831E91C6E92DC00614A3D</string>
				<string>A2E831EA1C6E92DC00614A3D</string>
				<string>7159C61C0D64F1B53F671433</string>
				<string>C25995346E230FBBD5BDED10</string>
			</array>
			<key>buildRules</key>
			<array/>
			<key>dependencies</key>
			<array/>
			<key>isa</key>
			<string>PBXNativeTarget</string>
			<key>name</key>
			<string>SwiftTable</string>
			<key>productName</key>
			<string>SwiftTable</string>
			<key>productReference</key>
			<string>A2E831EC1C6E92DC00614A3D</string>
			<key>productType</key>
			<string>com.apple.product-type.framework</string>
		</dict>
		<key>A2E831EC1C6E92DC00614A3D</key>
		<dict>
			<key>explicitFileType</key>
			<string>wrapper.framework</string>
			<key>includeInIndex</key>
			<string>0</string>
			<key>isa</key>
			<string>PBXFileReference</string>
			<key>path</key>
			<string>SwiftTable.framework</string>
			<key>sourceTree</key>
			<string>BUILT_PRODUCTS_DIR</string>
		</dict>
		<key>A2E831ED1C6E92DC00614A3D</key>
		<dict>
			<key>children</key>
			<array>
				<string>A2E831EC1C6E92DC00614A3D</string>
				<string>A2C94E871C7660DC0043535F</string>
			</array>
			<key>isa</key>
			<string>PBXGroup</string>
			<key>name</key>
			<string>Products</string>
			<key>sourceTree</key>
			<string>&lt;group&gt;</string>
		</dict>
		<key>A2E831EE1C6E92DC00614A3D</key>
		<dict>
			<key>children</key>
			<array>
				<string>A237B5091C6F9932007B6E14</string>
				<string>A2E832201C6F841D00614A3D</string>
				<string>A2AD46DA1C74D83A00A509A1</string>
				<string>A24469D01C7235F700CF6A0F</string>
				<string>A2E832211C6F842700614A3D</string>
				<string>A2E8321D1C6F83EC00614A3D</string>
				<string>A2E8321B1C6F83BC00614A3D</string>
				<string>A2E8321F1C6F841300614A3D</string>
				<string>A2E831F11C6E92DC00614A3D</string>
				<string>A2E831EF1C6E92DC00614A3D</string>
			</array>
			<key>isa</key>
			<string>PBXGroup</string>
			<key>path</key>
			<string>SwiftTable</string>
			<key>sourceTree</key>
			<string>&lt;group&gt;</string>
		</dict>
		<key>A2E831EF1C6E92DC00614A3D</key>
		<dict>
			<key>isa</key>
			<string>PBXFileReference</string>
			<key>lastKnownFileType</key>
			<string>sourcecode.c.h</string>
			<key>path</key>
			<string>SwiftTable.h</string>
			<key>sourceTree</key>
			<string>&lt;group&gt;</string>
		</dict>
		<key>A2E831F01C6E92DC00614A3D</key>
		<dict>
			<key>fileRef</key>
			<string>A2E831EF1C6E92DC00614A3D</string>
			<key>isa</key>
			<string>PBXBuildFile</string>
			<key>settings</key>
			<dict>
				<key>ATTRIBUTES</key>
				<array>
					<string>Public</string>
				</array>
			</dict>
		</dict>
		<key>A2E831F11C6E92DC00614A3D</key>
		<dict>
			<key>isa</key>
			<string>PBXFileReference</string>
			<key>lastKnownFileType</key>
			<string>text.plist.xml</string>
			<key>path</key>
			<string>Info.plist</string>
			<key>sourceTree</key>
			<string>&lt;group&gt;</string>
		</dict>
		<key>A2E831F21C6E92DC00614A3D</key>
		<dict>
			<key>buildSettings</key>
			<dict>
				<key>ALWAYS_SEARCH_USER_PATHS</key>
				<string>NO</string>
				<key>CLANG_CXX_LANGUAGE_STANDARD</key>
				<string>gnu++0x</string>
				<key>CLANG_CXX_LIBRARY</key>
				<string>libc++</string>
				<key>CLANG_ENABLE_MODULES</key>
				<string>YES</string>
				<key>CLANG_ENABLE_OBJC_ARC</key>
				<string>YES</string>
				<key>CLANG_WARN_BOOL_CONVERSION</key>
				<string>YES</string>
				<key>CLANG_WARN_CONSTANT_CONVERSION</key>
				<string>YES</string>
				<key>CLANG_WARN_DIRECT_OBJC_ISA_USAGE</key>
				<string>YES_ERROR</string>
				<key>CLANG_WARN_EMPTY_BODY</key>
				<string>YES</string>
				<key>CLANG_WARN_ENUM_CONVERSION</key>
				<string>YES</string>
				<key>CLANG_WARN_INT_CONVERSION</key>
				<string>YES</string>
				<key>CLANG_WARN_OBJC_ROOT_CLASS</key>
				<string>YES_ERROR</string>
				<key>CLANG_WARN_UNREACHABLE_CODE</key>
				<string>YES</string>
				<key>CLANG_WARN__DUPLICATE_METHOD_MATCH</key>
				<string>YES</string>
				<key>CODE_SIGN_IDENTITY[sdk=iphoneos*]</key>
				<string>iPhone Developer</string>
				<key>COPY_PHASE_STRIP</key>
				<string>NO</string>
				<key>CURRENT_PROJECT_VERSION</key>
				<string>1</string>
				<key>DEBUG_INFORMATION_FORMAT</key>
				<string>dwarf</string>
				<key>ENABLE_STRICT_OBJC_MSGSEND</key>
				<string>YES</string>
				<key>ENABLE_TESTABILITY</key>
				<string>YES</string>
				<key>GCC_C_LANGUAGE_STANDARD</key>
				<string>gnu99</string>
				<key>GCC_DYNAMIC_NO_PIC</key>
				<string>NO</string>
				<key>GCC_NO_COMMON_BLOCKS</key>
				<string>YES</string>
				<key>GCC_OPTIMIZATION_LEVEL</key>
				<string>0</string>
				<key>GCC_PREPROCESSOR_DEFINITIONS</key>
				<array>
					<string>DEBUG=1</string>
					<string>$(inherited)</string>
				</array>
				<key>GCC_WARN_64_TO_32_BIT_CONVERSION</key>
				<string>YES</string>
				<key>GCC_WARN_ABOUT_RETURN_TYPE</key>
				<string>YES_ERROR</string>
				<key>GCC_WARN_UNDECLARED_SELECTOR</key>
				<string>YES</string>
				<key>GCC_WARN_UNINITIALIZED_AUTOS</key>
				<string>YES_AGGRESSIVE</string>
				<key>GCC_WARN_UNUSED_FUNCTION</key>
				<string>YES</string>
				<key>GCC_WARN_UNUSED_VARIABLE</key>
				<string>YES</string>
				<key>IPHONEOS_DEPLOYMENT_TARGET</key>
				<string>9.2</string>
				<key>MTL_ENABLE_DEBUG_INFO</key>
				<string>YES</string>
				<key>ONLY_ACTIVE_ARCH</key>
				<string>YES</string>
				<key>SDKROOT</key>
				<string>iphoneos</string>
				<key>SWIFT_OPTIMIZATION_LEVEL</key>
				<string>-Onone</string>
				<key>TARGETED_DEVICE_FAMILY</key>
				<string>1,2</string>
				<key>VERSIONING_SYSTEM</key>
				<string>apple-generic</string>
				<key>VERSION_INFO_PREFIX</key>
				<string></string>
			</dict>
			<key>isa</key>
			<string>XCBuildConfiguration</string>
			<key>name</key>
			<string>Debug</string>
		</dict>
		<key>A2E831F31C6E92DC00614A3D</key>
		<dict>
			<key>buildSettings</key>
			<dict>
				<key>ALWAYS_SEARCH_USER_PATHS</key>
				<string>NO</string>
				<key>CLANG_CXX_LANGUAGE_STANDARD</key>
				<string>gnu++0x</string>
				<key>CLANG_CXX_LIBRARY</key>
				<string>libc++</string>
				<key>CLANG_ENABLE_MODULES</key>
				<string>YES</string>
				<key>CLANG_ENABLE_OBJC_ARC</key>
				<string>YES</string>
				<key>CLANG_WARN_BOOL_CONVERSION</key>
				<string>YES</string>
				<key>CLANG_WARN_CONSTANT_CONVERSION</key>
				<string>YES</string>
				<key>CLANG_WARN_DIRECT_OBJC_ISA_USAGE</key>
				<string>YES_ERROR</string>
				<key>CLANG_WARN_EMPTY_BODY</key>
				<string>YES</string>
				<key>CLANG_WARN_ENUM_CONVERSION</key>
				<string>YES</string>
				<key>CLANG_WARN_INT_CONVERSION</key>
				<string>YES</string>
				<key>CLANG_WARN_OBJC_ROOT_CLASS</key>
				<string>YES_ERROR</string>
				<key>CLANG_WARN_UNREACHABLE_CODE</key>
				<string>YES</string>
				<key>CLANG_WARN__DUPLICATE_METHOD_MATCH</key>
				<string>YES</string>
				<key>CODE_SIGN_IDENTITY[sdk=iphoneos*]</key>
				<string>iPhone Developer</string>
				<key>COPY_PHASE_STRIP</key>
				<string>NO</string>
				<key>CURRENT_PROJECT_VERSION</key>
				<string>1</string>
				<key>DEBUG_INFORMATION_FORMAT</key>
				<string>dwarf-with-dsym</string>
				<key>ENABLE_NS_ASSERTIONS</key>
				<string>NO</string>
				<key>ENABLE_STRICT_OBJC_MSGSEND</key>
				<string>YES</string>
				<key>GCC_C_LANGUAGE_STANDARD</key>
				<string>gnu99</string>
				<key>GCC_NO_COMMON_BLOCKS</key>
				<string>YES</string>
				<key>GCC_WARN_64_TO_32_BIT_CONVERSION</key>
				<string>YES</string>
				<key>GCC_WARN_ABOUT_RETURN_TYPE</key>
				<string>YES_ERROR</string>
				<key>GCC_WARN_UNDECLARED_SELECTOR</key>
				<string>YES</string>
				<key>GCC_WARN_UNINITIALIZED_AUTOS</key>
				<string>YES_AGGRESSIVE</string>
				<key>GCC_WARN_UNUSED_FUNCTION</key>
				<string>YES</string>
				<key>GCC_WARN_UNUSED_VARIABLE</key>
				<string>YES</string>
				<key>IPHONEOS_DEPLOYMENT_TARGET</key>
				<string>9.2</string>
				<key>MTL_ENABLE_DEBUG_INFO</key>
				<string>NO</string>
				<key>SDKROOT</key>
				<string>iphoneos</string>
				<key>TARGETED_DEVICE_FAMILY</key>
				<string>1,2</string>
				<key>VALIDATE_PRODUCT</key>
				<string>YES</string>
				<key>VERSIONING_SYSTEM</key>
				<string>apple-generic</string>
				<key>VERSION_INFO_PREFIX</key>
				<string></string>
			</dict>
			<key>isa</key>
			<string>XCBuildConfiguration</string>
			<key>name</key>
			<string>Release</string>
		</dict>
		<key>A2E831F41C6E92DC00614A3D</key>
		<dict>
			<key>buildConfigurations</key>
			<array>
				<string>A2E831F51C6E92DC00614A3D</string>
				<string>A2E831F61C6E92DC00614A3D</string>
			</array>
			<key>defaultConfigurationIsVisible</key>
			<string>0</string>
			<key>defaultConfigurationName</key>
			<string>Release</string>
			<key>isa</key>
			<string>XCConfigurationList</string>
		</dict>
		<key>A2E831F51C6E92DC00614A3D</key>
		<dict>
			<key>baseConfigurationReference</key>
			<string>1AFCDBC35AD08D29DA36E185</string>
			<key>buildSettings</key>
			<dict>
				<key>CLANG_ENABLE_MODULES</key>
				<string>YES</string>
				<key>DEFINES_MODULE</key>
				<string>YES</string>
				<key>DYLIB_COMPATIBILITY_VERSION</key>
				<string>1</string>
				<key>DYLIB_CURRENT_VERSION</key>
				<string>1</string>
				<key>DYLIB_INSTALL_NAME_BASE</key>
				<string>@rpath</string>
				<key>INFOPLIST_FILE</key>
				<string>SwiftTable/Info.plist</string>
				<key>INSTALL_PATH</key>
				<string>$(LOCAL_LIBRARY_DIR)/Frameworks</string>
				<key>IPHONEOS_DEPLOYMENT_TARGET</key>
				<string>8.0</string>
				<key>LD_RUNPATH_SEARCH_PATHS</key>
				<string>$(inherited) @executable_path/Frameworks @loader_path/Frameworks</string>
				<key>PRODUCT_BUNDLE_IDENTIFIER</key>
				<string>com.bradhilton.SwiftTable</string>
				<key>PRODUCT_NAME</key>
				<string>$(TARGET_NAME)</string>
				<key>SKIP_INSTALL</key>
				<string>YES</string>
				<key>SWIFT_OPTIMIZATION_LEVEL</key>
				<string>-Onone</string>
			</dict>
			<key>isa</key>
			<string>XCBuildConfiguration</string>
			<key>name</key>
			<string>Debug</string>
		</dict>
		<key>A2E831F61C6E92DC00614A3D</key>
		<dict>
			<key>baseConfigurationReference</key>
			<string>202D9A7672A894236C5432FC</string>
			<key>buildSettings</key>
			<dict>
				<key>CLANG_ENABLE_MODULES</key>
				<string>YES</string>
				<key>DEFINES_MODULE</key>
				<string>YES</string>
				<key>DYLIB_COMPATIBILITY_VERSION</key>
				<string>1</string>
				<key>DYLIB_CURRENT_VERSION</key>
				<string>1</string>
				<key>DYLIB_INSTALL_NAME_BASE</key>
				<string>@rpath</string>
				<key>INFOPLIST_FILE</key>
				<string>SwiftTable/Info.plist</string>
				<key>INSTALL_PATH</key>
				<string>$(LOCAL_LIBRARY_DIR)/Frameworks</string>
				<key>IPHONEOS_DEPLOYMENT_TARGET</key>
				<string>8.0</string>
				<key>LD_RUNPATH_SEARCH_PATHS</key>
				<string>$(inherited) @executable_path/Frameworks @loader_path/Frameworks</string>
				<key>PRODUCT_BUNDLE_IDENTIFIER</key>
				<string>com.bradhilton.SwiftTable</string>
				<key>PRODUCT_NAME</key>
				<string>$(TARGET_NAME)</string>
				<key>SKIP_INSTALL</key>
				<string>YES</string>
			</dict>
			<key>isa</key>
			<string>XCBuildConfiguration</string>
			<key>name</key>
			<string>Release</string>
		</dict>
		<key>A2E832071C6E989900614A3D</key>
		<dict>
			<key>fileEncoding</key>
			<string>4</string>
			<key>isa</key>
			<string>PBXFileReference</string>
			<key>lastKnownFileType</key>
			<string>sourcecode.swift</string>
			<key>path</key>
			<string>UITableView+Table.swift</string>
			<key>sourceTree</key>
			<string>&lt;group&gt;</string>
		</dict>
		<key>A2E832081C6E989900614A3D</key>
		<dict>
			<key>fileRef</key>
			<string>A2E832071C6E989900614A3D</string>
			<key>isa</key>
			<string>PBXBuildFile</string>
		</dict>
		<key>A2E832091C6E9B2400614A3D</key>
		<dict>
			<key>fileEncoding</key>
			<string>4</string>
			<key>isa</key>
			<string>PBXFileReference</string>
			<key>lastKnownFileType</key>
			<string>sourcecode.swift</string>
			<key>path</key>
			<string>Bridge.swift</string>
			<key>sourceTree</key>
			<string>&lt;group&gt;</string>
		</dict>
		<key>A2E8320A1C6E9B2400614A3D</key>
		<dict>
			<key>fileRef</key>
			<string>A2E832091C6E9B2400614A3D</string>
			<key>isa</key>
			<string>PBXBuildFile</string>
		</dict>
		<key>A2E8320B1C6EA40900614A3D</key>
		<dict>
			<key>fileEncoding</key>
			<string>4</string>
			<key>isa</key>
			<string>PBXFileReference</string>
			<key>lastKnownFileType</key>
			<string>sourcecode.swift</string>
			<key>path</key>
			<string>Bridge+DataSource.swift</string>
			<key>sourceTree</key>
			<string>&lt;group&gt;</string>
		</dict>
		<key>A2E8320C1C6EA40900614A3D</key>
		<dict>
			<key>fileRef</key>
			<string>A2E8320B1C6EA40900614A3D</string>
			<key>isa</key>
			<string>PBXBuildFile</string>
		</dict>
		<key>A2E8320D1C6EA52D00614A3D</key>
		<dict>
			<key>fileEncoding</key>
			<string>4</string>
			<key>isa</key>
			<string>PBXFileReference</string>
			<key>lastKnownFileType</key>
			<string>sourcecode.swift</string>
			<key>path</key>
			<string>Bridge+Delegate.swift</string>
			<key>sourceTree</key>
			<string>&lt;group&gt;</string>
		</dict>
		<key>A2E8320E1C6EA52D00614A3D</key>
		<dict>
			<key>fileRef</key>
			<string>A2E8320D1C6EA52D00614A3D</string>
			<key>isa</key>
			<string>PBXBuildFile</string>
		</dict>
		<key>A2E8320F1C6EA72F00614A3D</key>
		<dict>
			<key>fileEncoding</key>
			<string>4</string>
			<key>isa</key>
			<string>PBXFileReference</string>
			<key>lastKnownFileType</key>
			<string>sourcecode.swift</string>
			<key>path</key>
			<string>TableInterface.swift</string>
			<key>sourceTree</key>
			<string>&lt;group&gt;</string>
		</dict>
		<key>A2E832101C6EA72F00614A3D</key>
		<dict>
			<key>fileRef</key>
			<string>A2E8320F1C6EA72F00614A3D</string>
			<key>isa</key>
			<string>PBXBuildFile</string>
		</dict>
		<key>A2E832111C6EAB1600614A3D</key>
		<dict>
			<key>fileEncoding</key>
			<string>4</string>
			<key>isa</key>
			<string>PBXFileReference</string>
			<key>lastKnownFileType</key>
			<string>sourcecode.swift</string>
			<key>path</key>
			<string>SectionInterface.swift</string>
			<key>sourceTree</key>
			<string>&lt;group&gt;</string>
		</dict>
		<key>A2E832121C6EAB1600614A3D</key>
		<dict>
			<key>fileRef</key>
			<string>A2E832111C6EAB1600614A3D</string>
			<key>isa</key>
			<string>PBXBuildFile</string>
		</dict>
		<key>A2E832131C6EAC8000614A3D</key>
		<dict>
			<key>fileEncoding</key>
			<string>4</string>
			<key>isa</key>
			<string>PBXFileReference</string>
			<key>lastKnownFileType</key>
			<string>sourcecode.swift</string>
			<key>path</key>
			<string>Bridge+Interface.swift</string>
			<key>sourceTree</key>
			<string>&lt;group&gt;</string>
		</dict>
		<key>A2E832141C6EAC8000614A3D</key>
		<dict>
			<key>fileRef</key>
			<string>A2E832131C6EAC8000614A3D</string>
			<key>isa</key>
			<string>PBXBuildFile</string>
		</dict>
		<key>A2E832191C6F80DD00614A3D</key>
		<dict>
			<key>fileEncoding</key>
			<string>4</string>
			<key>isa</key>
			<string>PBXFileReference</string>
			<key>lastKnownFileType</key>
			<string>sourcecode.swift</string>
			<key>path</key>
			<string>TableInterface+Implementation.swift</string>
			<key>sourceTree</key>
			<string>&lt;group&gt;</string>
		</dict>
		<key>A2E8321A1C6F80DD00614A3D</key>
		<dict>
			<key>fileRef</key>
			<string>A2E832191C6F80DD00614A3D</string>
			<key>isa</key>
			<string>PBXBuildFile</string>
		</dict>
		<key>A2E8321B1C6F83BC00614A3D</key>
		<dict>
			<key>children</key>
			<array>
				<string>A24469C41C721CEA00CF6A0F</string>
				<string>A24469CB1C7226C000CF6A0F</string>
				<string>A2E8321C1C6F83E000614A3D</string>
				<string>A2A6E74D1C6F954E00968ACD</string>
			</array>
			<key>isa</key>
			<string>PBXGroup</string>
			<key>path</key>
			<string>Table</string>
			<key>sourceTree</key>
			<string>&lt;group&gt;</string>
		</dict>
		<key>A2E8321C1C6F83E000614A3D</key>
		<dict>
			<key>children</key>
			<array>
				<string>A2E832191C6F80DD00614A3D</string>
				<string>A2E8320F1C6EA72F00614A3D</string>
			</array>
			<key>isa</key>
			<string>PBXGroup</string>
			<key>path</key>
			<string>TableInterface</string>
			<key>sourceTree</key>
			<string>&lt;group&gt;</string>
		</dict>
		<key>A2E8321D1C6F83EC00614A3D</key>
		<dict>
			<key>children</key>
			<array>
				<string>A2CF91ED1C7274A300928EE7</string>
				<string>A2E8321E1C6F83FA00614A3D</string>
				<string>A24469BF1C6FEF3200CF6A0F</string>
			</array>
			<key>isa</key>
			<string>PBXGroup</string>
			<key>path</key>
			<string>Section</string>
			<key>sourceTree</key>
			<string>&lt;group&gt;</string>
		</dict>
		<key>A2E8321E1C6F83FA00614A3D</key>
		<dict>
			<key>children</key>
			<array>
				<string>A2E832111C6EAB1600614A3D</string>
			</array>
			<key>isa</key>
			<string>PBXGroup</string>
			<key>path</key>
			<string>SectionInterface</string>
			<key>sourceTree</key>
			<string>&lt;group&gt;</string>
		</dict>
		<key>A2E8321F1C6F841300614A3D</key>
		<dict>
			<key>children</key>
			<array>
				<string>A2E832071C6E989900614A3D</string>
			</array>
			<key>isa</key>
			<string>PBXGroup</string>
			<key>path</key>
			<string>UITableView</string>
			<key>sourceTree</key>
			<string>&lt;group&gt;</string>
		</dict>
		<key>A2E832201C6F841D00614A3D</key>
		<dict>
			<key>children</key>
			<array>
				<string>A2E8320B1C6EA40900614A3D</string>
				<string>A2E8320D1C6EA52D00614A3D</string>
				<string>A2E832131C6EAC8000614A3D</string>
				<string>A2E832091C6E9B2400614A3D</string>
			</array>
			<key>isa</key>
			<string>PBXGroup</string>
			<key>path</key>
			<string>Bridge</string>
			<key>sourceTree</key>
			<string>&lt;group&gt;</string>
		</dict>
		<key>A2E832211C6F842700614A3D</key>
		<dict>
			<key>children</key>
			<array>
				<string>A24469B81C6FEE5200CF6A0F</string>
			</array>
			<key>isa</key>
			<string>PBXGroup</string>
			<key>path</key>
			<string>Row</string>
			<key>sourceTree</key>
			<string>&lt;group&gt;</string>
		</dict>
		<key>A9DE28CF3FC602B8A7E69F78</key>
		<dict>
			<key>children</key>
			<array>
				<string>95D35AC7E281463D06911B54</string>
				<string>E3B14854AC9BC61711B17179</string>
			</array>
			<key>isa</key>
			<string>PBXGroup</string>
			<key>name</key>
			<string>Frameworks</string>
			<key>sourceTree</key>
			<string>&lt;group&gt;</string>
		</dict>
		<key>B0478AAFB5AF78FC4AEBC860</key>
		<dict>
			<key>children</key>
			<array>
				<string>1AFCDBC35AD08D29DA36E185</string>
				<string>202D9A7672A894236C5432FC</string>
			</array>
			<key>isa</key>
			<string>PBXGroup</string>
			<key>name</key>
			<string>Pods</string>
			<key>sourceTree</key>
			<string>&lt;group&gt;</string>
		</dict>
		<key>C25995346E230FBBD5BDED10</key>
		<dict>
			<key>buildActionMask</key>
			<string>2147483647</string>
			<key>files</key>
			<array/>
			<key>inputPaths</key>
			<array/>
			<key>isa</key>
			<string>PBXShellScriptBuildPhase</string>
			<key>name</key>
			<string>Copy Pods Resources</string>
			<key>outputPaths</key>
			<array/>
			<key>runOnlyForDeploymentPostprocessing</key>
			<string>0</string>
			<key>shellPath</key>
			<string>/bin/sh</string>
			<key>shellScript</key>
			<string>"${SRCROOT}/Pods/Target Support Files/Pods-SwiftTable/Pods-SwiftTable-resources.sh"
</string>
			<key>showEnvVarsInLog</key>
			<string>0</string>
		</dict>
		<key>E3B14854AC9BC61711B17179</key>
		<dict>
			<key>explicitFileType</key>
			<string>wrapper.framework</string>
			<key>includeInIndex</key>
			<string>0</string>
			<key>isa</key>
			<string>PBXFileReference</string>
			<key>path</key>
			<string>Pods_SwiftTable.framework</string>
			<key>sourceTree</key>
			<string>BUILT_PRODUCTS_DIR</string>
		</dict>
		<key>EB3EE5DF5D8B5DE9519E6DD2</key>
		<dict>
			<key>buildActionMask</key>
			<string>2147483647</string>
			<key>files</key>
			<array/>
			<key>inputPaths</key>
			<array/>
			<key>isa</key>
			<string>PBXShellScriptBuildPhase</string>
			<key>name</key>
			<string>Check Pods Manifest.lock</string>
			<key>outputPaths</key>
			<array/>
			<key>runOnlyForDeploymentPostprocessing</key>
			<string>0</string>
			<key>shellPath</key>
			<string>/bin/sh</string>
			<key>shellScript</key>
			<string>diff "${PODS_ROOT}/../Podfile.lock" "${PODS_ROOT}/Manifest.lock" &gt; /dev/null
if [[ $? != 0 ]] ; then
    cat &lt;&lt; EOM
error: The sandbox is not in sync with the Podfile.lock. Run 'pod install' or update your CocoaPods installation.
EOM
    exit 1
fi
</string>
			<key>showEnvVarsInLog</key>
			<string>0</string>
		</dict>
	</dict>
	<key>rootObject</key>
	<string>A2E831E31C6E92DC00614A3D</string>
</dict>
</plist>
