// !$*UTF8*$!
{
	archiveVersion = 1;
	classes = {
	};
	objectVersion = 46;
	objects = {

/* Begin PBXBuildFile section */
		18214F72672F1F8524226E43 /* Pods_SwiftTable.framework in Frameworks */ = {isa = PBXBuildFile; fileRef = E3B14854AC9BC61711B17179 /* Pods_SwiftTable.framework */; };
		A237B5081C6F9841007B6E14 /* _Table.swift in Sources */ = {isa = PBXBuildFile; fileRef = A237B5071C6F9841007B6E14 /* _Table.swift */; };
		A237B50B1C6F9D37007B6E14 /* SwiftTable.podspec in Resources */ = {isa = PBXBuildFile; fileRef = A237B50A1C6F9D37007B6E14 /* SwiftTable.podspec */; };
		A24469B71C6FEE4E00CF6A0F /* RowSource.swift in Sources */ = {isa = PBXBuildFile; fileRef = A24469B61C6FEE4E00CF6A0F /* RowSource.swift */; };
		A24469BD1C6FEE8900CF6A0F /* _Section.swift in Sources */ = {isa = PBXBuildFile; fileRef = A24469BC1C6FEE8900CF6A0F /* _Section.swift */; };
		A24469C11C6FEF3F00CF6A0F /* SectionSource.swift in Sources */ = {isa = PBXBuildFile; fileRef = A24469C01C6FEF3F00CF6A0F /* SectionSource.swift */; };
		A24469C31C6FEF8700CF6A0F /* SectionSource+Implementation.swift in Sources */ = {isa = PBXBuildFile; fileRef = A24469C21C6FEF8700CF6A0F /* SectionSource+Implementation.swift */; };
		A24469C61C721CFF00CF6A0F /* MultiTable.swift in Sources */ = {isa = PBXBuildFile; fileRef = A24469C51C721CFF00CF6A0F /* MultiTable.swift */; };
		A24469C81C721DC400CF6A0F /* MultiTable+Implementation.swift in Sources */ = {isa = PBXBuildFile; fileRef = A24469C71C721DC400CF6A0F /* MultiTable+Implementation.swift */; };
		A24469CA1C721E9C00CF6A0F /* MultiTable+Interface.swift in Sources */ = {isa = PBXBuildFile; fileRef = A24469C91C721E9C00CF6A0F /* MultiTable+Interface.swift */; };
		A24469CD1C7226D700CF6A0F /* SectionTable.swift in Sources */ = {isa = PBXBuildFile; fileRef = A24469CC1C7226D700CF6A0F /* SectionTable.swift */; };
		A24469D21C72360600CF6A0F /* ParentInterface.swift in Sources */ = {isa = PBXBuildFile; fileRef = A24469D11C72360600CF6A0F /* ParentInterface.swift */; };
		A2601A5B1C72942700303A09 /* RowSource+SectionSource.swift in Sources */ = {isa = PBXBuildFile; fileRef = A2601A5A1C72942700303A09 /* RowSource+SectionSource.swift */; };
		A2601A611C729B1800303A09 /* _Row.swift in Sources */ = {isa = PBXBuildFile; fileRef = A2601A601C729B1800303A09 /* _Row.swift */; };
		A2978E531C723D8B00BA1F77 /* SectionTable+Interface.swift in Sources */ = {isa = PBXBuildFile; fileRef = A2978E521C723D8B00BA1F77 /* SectionTable+Interface.swift */; };
		A2978E551C7247C800BA1F77 /* NSIndexPath+Additions.swift in Sources */ = {isa = PBXBuildFile; fileRef = A2978E541C7247C800BA1F77 /* NSIndexPath+Additions.swift */; };
		A2978E571C724B2100BA1F77 /* SectionTable+Implementation.swift in Sources */ = {isa = PBXBuildFile; fileRef = A2978E561C724B2100BA1F77 /* SectionTable+Implementation.swift */; };
		A2A6E74F1C6F955C00968ACD /* TableSource.swift in Sources */ = {isa = PBXBuildFile; fileRef = A2A6E74E1C6F955C00968ACD /* TableSource.swift */; };
		A2A6E7511C6F95AC00968ACD /* TableSource+Implementation.swift in Sources */ = {isa = PBXBuildFile; fileRef = A2A6E7501C6F95AC00968ACD /* TableSource+Implementation.swift */; };
		A2AD46D71C74D31600A509A1 /* RowSource+SectionInterface.swift in Sources */ = {isa = PBXBuildFile; fileRef = A2AD46D61C74D31600A509A1 /* RowSource+SectionInterface.swift */; };
		A2AD46D91C74D36400A509A1 /* SectionSource+TableInterface.swift in Sources */ = {isa = PBXBuildFile; fileRef = A2AD46D81C74D36400A509A1 /* SectionSource+TableInterface.swift */; };
		A2C94E8A1C7660DC0043535F /* SwiftTableTests.swift in Sources */ = {isa = PBXBuildFile; fileRef = A2C94E891C7660DC0043535F /* SwiftTableTests.swift */; };
		A2C94E8C1C7660DC0043535F /* SwiftTable.framework in Frameworks */ = {isa = PBXBuildFile; fileRef = A2E831EC1C6E92DC00614A3D /* SwiftTable.framework */; };
		A2CF91EA1C72508600928EE7 /* SectionSource+TableSource.swift in Sources */ = {isa = PBXBuildFile; fileRef = A2CF91E91C72508600928EE7 /* SectionSource+TableSource.swift */; };
		A2CF91EC1C72534900928EE7 /* RowSource+Implementation.swift in Sources */ = {isa = PBXBuildFile; fileRef = A2CF91EB1C72534900928EE7 /* RowSource+Implementation.swift */; };
		A2CF91EF1C7274B000928EE7 /* RowSection.swift in Sources */ = {isa = PBXBuildFile; fileRef = A2CF91EE1C7274B000928EE7 /* RowSection.swift */; };
		A2CF91F11C7275BC00928EE7 /* RowSection+Implementation.swift in Sources */ = {isa = PBXBuildFile; fileRef = A2CF91F01C7275BC00928EE7 /* RowSection+Implementation.swift */; };
		A2CF91F31C7277C100928EE7 /* RowSection+Interface.swift in Sources */ = {isa = PBXBuildFile; fileRef = A2CF91F21C7277C100928EE7 /* RowSection+Interface.swift */; };
		A2E831F01C6E92DC00614A3D /* SwiftTable.h in Headers */ = {isa = PBXBuildFile; fileRef = A2E831EF1C6E92DC00614A3D /* SwiftTable.h */; settings = {ATTRIBUTES = (Public, ); }; };
		A2E832081C6E989900614A3D /* UITableView+Table.swift in Sources */ = {isa = PBXBuildFile; fileRef = A2E832071C6E989900614A3D /* UITableView+Table.swift */; };
		A2E8320A1C6E9B2400614A3D /* Bridge.swift in Sources */ = {isa = PBXBuildFile; fileRef = A2E832091C6E9B2400614A3D /* Bridge.swift */; };
		A2E8320C1C6EA40900614A3D /* Bridge+DataSource.swift in Sources */ = {isa = PBXBuildFile; fileRef = A2E8320B1C6EA40900614A3D /* Bridge+DataSource.swift */; };
		A2E8320E1C6EA52D00614A3D /* Bridge+Delegate.swift in Sources */ = {isa = PBXBuildFile; fileRef = A2E8320D1C6EA52D00614A3D /* Bridge+Delegate.swift */; };
		A2E832101C6EA72F00614A3D /* TableInterface.swift in Sources */ = {isa = PBXBuildFile; fileRef = A2E8320F1C6EA72F00614A3D /* TableInterface.swift */; };
		A2E832121C6EAB1600614A3D /* SectionInterface.swift in Sources */ = {isa = PBXBuildFile; fileRef = A2E832111C6EAB1600614A3D /* SectionInterface.swift */; };
		A2E832141C6EAC8000614A3D /* Bridge+Interface.swift in Sources */ = {isa = PBXBuildFile; fileRef = A2E832131C6EAC8000614A3D /* Bridge+Interface.swift */; };
		A2E8321A1C6F80DD00614A3D /* TableInterface+Implementation.swift in Sources */ = {isa = PBXBuildFile; fileRef = A2E832191C6F80DD00614A3D /* TableInterface+Implementation.swift */; };
/* End PBXBuildFile section */

/* Begin PBXContainerItemProxy section */
		A2C94E8D1C7660DC0043535F /* PBXContainerItemProxy */ = {
			isa = PBXContainerItemProxy;
			containerPortal = A2E831E31C6E92DC00614A3D /* Project object */;
			proxyType = 1;
			remoteGlobalIDString = A2E831EB1C6E92DC00614A3D;
			remoteInfo = SwiftTable;
		};
/* End PBXContainerItemProxy section */

/* Begin PBXFileReference section */
		1AFCDBC35AD08D29DA36E185 /* Pods-SwiftTable.debug.xcconfig */ = {isa = PBXFileReference; includeInIndex = 1; lastKnownFileType = text.xcconfig; name = "Pods-SwiftTable.debug.xcconfig"; path = "Pods/Target Support Files/Pods-SwiftTable/Pods-SwiftTable.debug.xcconfig"; sourceTree = "<group>"; };
		202D9A7672A894236C5432FC /* Pods-SwiftTable.release.xcconfig */ = {isa = PBXFileReference; includeInIndex = 1; lastKnownFileType = text.xcconfig; name = "Pods-SwiftTable.release.xcconfig"; path = "Pods/Target Support Files/Pods-SwiftTable/Pods-SwiftTable.release.xcconfig"; sourceTree = "<group>"; };
		95D35AC7E281463D06911B54 /* libPods-SwiftTableTests.a */ = {isa = PBXFileReference; explicitFileType = archive.ar; includeInIndex = 0; path = "libPods-SwiftTableTests.a"; sourceTree = BUILT_PRODUCTS_DIR; };
		A237B5071C6F9841007B6E14 /* _Table.swift */ = {isa = PBXFileReference; fileEncoding = 4; lastKnownFileType = sourcecode.swift; path = _Table.swift; sourceTree = "<group>"; };
		A237B50A1C6F9D37007B6E14 /* SwiftTable.podspec */ = {isa = PBXFileReference; fileEncoding = 4; lastKnownFileType = text; path = SwiftTable.podspec; sourceTree = "<group>"; };
		A24469B61C6FEE4E00CF6A0F /* RowSource.swift */ = {isa = PBXFileReference; fileEncoding = 4; lastKnownFileType = sourcecode.swift; path = RowSource.swift; sourceTree = "<group>"; };
		A24469BC1C6FEE8900CF6A0F /* _Section.swift */ = {isa = PBXFileReference; fileEncoding = 4; lastKnownFileType = sourcecode.swift; path = _Section.swift; sourceTree = "<group>"; };
		A24469C01C6FEF3F00CF6A0F /* SectionSource.swift */ = {isa = PBXFileReference; fileEncoding = 4; lastKnownFileType = sourcecode.swift; path = SectionSource.swift; sourceTree = "<group>"; };
		A24469C21C6FEF8700CF6A0F /* SectionSource+Implementation.swift */ = {isa = PBXFileReference; fileEncoding = 4; lastKnownFileType = sourcecode.swift; path = "SectionSource+Implementation.swift"; sourceTree = "<group>"; };
		A24469C51C721CFF00CF6A0F /* MultiTable.swift */ = {isa = PBXFileReference; fileEncoding = 4; lastKnownFileType = sourcecode.swift; path = MultiTable.swift; sourceTree = "<group>"; };
		A24469C71C721DC400CF6A0F /* MultiTable+Implementation.swift */ = {isa = PBXFileReference; fileEncoding = 4; lastKnownFileType = sourcecode.swift; path = "MultiTable+Implementation.swift"; sourceTree = "<group>"; };
		A24469C91C721E9C00CF6A0F /* MultiTable+Interface.swift */ = {isa = PBXFileReference; fileEncoding = 4; lastKnownFileType = sourcecode.swift; path = "MultiTable+Interface.swift"; sourceTree = "<group>"; };
		A24469CC1C7226D700CF6A0F /* SectionTable.swift */ = {isa = PBXFileReference; fileEncoding = 4; lastKnownFileType = sourcecode.swift; path = SectionTable.swift; sourceTree = "<group>"; };
		A24469D11C72360600CF6A0F /* ParentInterface.swift */ = {isa = PBXFileReference; fileEncoding = 4; lastKnownFileType = sourcecode.swift; path = ParentInterface.swift; sourceTree = "<group>"; };
		A2601A5A1C72942700303A09 /* RowSource+SectionSource.swift */ = {isa = PBXFileReference; fileEncoding = 4; lastKnownFileType = sourcecode.swift; path = "RowSource+SectionSource.swift"; sourceTree = "<group>"; };
		A2601A601C729B1800303A09 /* _Row.swift */ = {isa = PBXFileReference; fileEncoding = 4; lastKnownFileType = sourcecode.swift; path = _Row.swift; sourceTree = "<group>"; };
		A2978E521C723D8B00BA1F77 /* SectionTable+Interface.swift */ = {isa = PBXFileReference; fileEncoding = 4; lastKnownFileType = sourcecode.swift; path = "SectionTable+Interface.swift"; sourceTree = "<group>"; };
		A2978E541C7247C800BA1F77 /* NSIndexPath+Additions.swift */ = {isa = PBXFileReference; fileEncoding = 4; lastKnownFileType = sourcecode.swift; path = "NSIndexPath+Additions.swift"; sourceTree = "<group>"; };
		A2978E561C724B2100BA1F77 /* SectionTable+Implementation.swift */ = {isa = PBXFileReference; fileEncoding = 4; lastKnownFileType = sourcecode.swift; path = "SectionTable+Implementation.swift"; sourceTree = "<group>"; };
		A2A6E74E1C6F955C00968ACD /* TableSource.swift */ = {isa = PBXFileReference; fileEncoding = 4; lastKnownFileType = sourcecode.swift; path = TableSource.swift; sourceTree = "<group>"; };
		A2A6E7501C6F95AC00968ACD /* TableSource+Implementation.swift */ = {isa = PBXFileReference; fileEncoding = 4; lastKnownFileType = sourcecode.swift; path = "TableSource+Implementation.swift"; sourceTree = "<group>"; };
		A2AD46D61C74D31600A509A1 /* RowSource+SectionInterface.swift */ = {isa = PBXFileReference; fileEncoding = 4; lastKnownFileType = sourcecode.swift; path = "RowSource+SectionInterface.swift"; sourceTree = "<group>"; };
		A2AD46D81C74D36400A509A1 /* SectionSource+TableInterface.swift */ = {isa = PBXFileReference; fileEncoding = 4; lastKnownFileType = sourcecode.swift; path = "SectionSource+TableInterface.swift"; sourceTree = "<group>"; };
		A2C94E871C7660DC0043535F /* SwiftTableTests.xctest */ = {isa = PBXFileReference; explicitFileType = wrapper.cfbundle; includeInIndex = 0; path = SwiftTableTests.xctest; sourceTree = BUILT_PRODUCTS_DIR; };
		A2C94E891C7660DC0043535F /* SwiftTableTests.swift */ = {isa = PBXFileReference; lastKnownFileType = sourcecode.swift; path = SwiftTableTests.swift; sourceTree = "<group>"; };
		A2C94E8B1C7660DC0043535F /* Info.plist */ = {isa = PBXFileReference; lastKnownFileType = text.plist.xml; path = Info.plist; sourceTree = "<group>"; };
		A2CF91E91C72508600928EE7 /* SectionSource+TableSource.swift */ = {isa = PBXFileReference; fileEncoding = 4; lastKnownFileType = sourcecode.swift; path = "SectionSource+TableSource.swift"; sourceTree = "<group>"; };
		A2CF91EB1C72534900928EE7 /* RowSource+Implementation.swift */ = {isa = PBXFileReference; fileEncoding = 4; lastKnownFileType = sourcecode.swift; path = "RowSource+Implementation.swift"; sourceTree = "<group>"; };
		A2CF91EE1C7274B000928EE7 /* RowSection.swift */ = {isa = PBXFileReference; fileEncoding = 4; lastKnownFileType = sourcecode.swift; path = RowSection.swift; sourceTree = "<group>"; };
		A2CF91F01C7275BC00928EE7 /* RowSection+Implementation.swift */ = {isa = PBXFileReference; fileEncoding = 4; lastKnownFileType = sourcecode.swift; path = "RowSection+Implementation.swift"; sourceTree = "<group>"; };
		A2CF91F21C7277C100928EE7 /* RowSection+Interface.swift */ = {isa = PBXFileReference; fileEncoding = 4; lastKnownFileType = sourcecode.swift; path = "RowSection+Interface.swift"; sourceTree = "<group>"; };
		A2E831EC1C6E92DC00614A3D /* SwiftTable.framework */ = {isa = PBXFileReference; explicitFileType = wrapper.framework; includeInIndex = 0; path = SwiftTable.framework; sourceTree = BUILT_PRODUCTS_DIR; };
		A2E831EF1C6E92DC00614A3D /* SwiftTable.h */ = {isa = PBXFileReference; lastKnownFileType = sourcecode.c.h; path = SwiftTable.h; sourceTree = "<group>"; };
		A2E831F11C6E92DC00614A3D /* Info.plist */ = {isa = PBXFileReference; lastKnownFileType = text.plist.xml; path = Info.plist; sourceTree = "<group>"; };
		A2E832071C6E989900614A3D /* UITableView+Table.swift */ = {isa = PBXFileReference; fileEncoding = 4; lastKnownFileType = sourcecode.swift; path = "UITableView+Table.swift"; sourceTree = "<group>"; };
		A2E832091C6E9B2400614A3D /* Bridge.swift */ = {isa = PBXFileReference; fileEncoding = 4; lastKnownFileType = sourcecode.swift; path = Bridge.swift; sourceTree = "<group>"; };
		A2E8320B1C6EA40900614A3D /* Bridge+DataSource.swift */ = {isa = PBXFileReference; fileEncoding = 4; lastKnownFileType = sourcecode.swift; path = "Bridge+DataSource.swift"; sourceTree = "<group>"; };
		A2E8320D1C6EA52D00614A3D /* Bridge+Delegate.swift */ = {isa = PBXFileReference; fileEncoding = 4; lastKnownFileType = sourcecode.swift; path = "Bridge+Delegate.swift"; sourceTree = "<group>"; };
		A2E8320F1C6EA72F00614A3D /* TableInterface.swift */ = {isa = PBXFileReference; fileEncoding = 4; lastKnownFileType = sourcecode.swift; path = TableInterface.swift; sourceTree = "<group>"; };
		A2E832111C6EAB1600614A3D /* SectionInterface.swift */ = {isa = PBXFileReference; fileEncoding = 4; lastKnownFileType = sourcecode.swift; path = SectionInterface.swift; sourceTree = "<group>"; };
		A2E832131C6EAC8000614A3D /* Bridge+Interface.swift */ = {isa = PBXFileReference; fileEncoding = 4; lastKnownFileType = sourcecode.swift; path = "Bridge+Interface.swift"; sourceTree = "<group>"; };
		A2E832191C6F80DD00614A3D /* TableInterface+Implementation.swift */ = {isa = PBXFileReference; fileEncoding = 4; lastKnownFileType = sourcecode.swift; path = "TableInterface+Implementation.swift"; sourceTree = "<group>"; };
		E3B14854AC9BC61711B17179 /* Pods_SwiftTable.framework */ = {isa = PBXFileReference; explicitFileType = wrapper.framework; includeInIndex = 0; path = Pods_SwiftTable.framework; sourceTree = BUILT_PRODUCTS_DIR; };
/* End PBXFileReference section */

/* Begin PBXFrameworksBuildPhase section */
		7159C61C0D64F1B53F671433 /* Frameworks */ = {
			isa = PBXFrameworksBuildPhase;
			buildActionMask = 2147483647;
			files = (
				18214F72672F1F8524226E43 /* Pods_SwiftTable.framework in Frameworks */,
			);
			runOnlyForDeploymentPostprocessing = 0;
		};
		A2C94E841C7660DC0043535F /* Frameworks */ = {
			isa = PBXFrameworksBuildPhase;
			buildActionMask = 2147483647;
			files = (
				A2C94E8C1C7660DC0043535F /* SwiftTable.framework in Frameworks */,
			);
			runOnlyForDeploymentPostprocessing = 0;
		};
/* End PBXFrameworksBuildPhase section */

/* Begin PBXGroup section */
		A237B5091C6F9932007B6E14 /* Base */ = {
			isa = PBXGroup;
			children = (
				A2601A601C729B1800303A09 /* _Row.swift */,
				A24469BC1C6FEE8900CF6A0F /* _Section.swift */,
				A237B5071C6F9841007B6E14 /* _Table.swift */,
			);
			path = Base;
			sourceTree = "<group>";
		};
		A24469B81C6FEE5200CF6A0F /* RowSource */ = {
			isa = PBXGroup;
			children = (
				A2CF91EB1C72534900928EE7 /* RowSource+Implementation.swift */,
				A2AD46D61C74D31600A509A1 /* RowSource+SectionInterface.swift */,
				A2601A5A1C72942700303A09 /* RowSource+SectionSource.swift */,
				A24469B61C6FEE4E00CF6A0F /* RowSource.swift */,
			);
			path = RowSource;
			sourceTree = "<group>";
		};
		A24469BF1C6FEF3200CF6A0F /* SectionSource */ = {
			isa = PBXGroup;
			children = (
				A24469C21C6FEF8700CF6A0F /* SectionSource+Implementation.swift */,
				A2AD46D81C74D36400A509A1 /* SectionSource+TableInterface.swift */,
				A2CF91E91C72508600928EE7 /* SectionSource+TableSource.swift */,
				A24469C01C6FEF3F00CF6A0F /* SectionSource.swift */,
			);
			path = SectionSource;
			sourceTree = "<group>";
		};
		A24469C41C721CEA00CF6A0F /* MultiTable */ = {
			isa = PBXGroup;
			children = (
				A24469C71C721DC400CF6A0F /* MultiTable+Implementation.swift */,
				A24469C91C721E9C00CF6A0F /* MultiTable+Interface.swift */,
				A24469C51C721CFF00CF6A0F /* MultiTable.swift */,
			);
			path = MultiTable;
			sourceTree = "<group>";
		};
		A24469CB1C7226C000CF6A0F /* SectionTable */ = {
			isa = PBXGroup;
			children = (
				A2978E561C724B2100BA1F77 /* SectionTable+Implementation.swift */,
				A2978E521C723D8B00BA1F77 /* SectionTable+Interface.swift */,
				A24469CC1C7226D700CF6A0F /* SectionTable.swift */,
			);
			name = SectionTable;
			path = Table;
			sourceTree = "<group>";
		};
		A24469D01C7235F700CF6A0F /* Parent */ = {
			isa = PBXGroup;
			children = (
				A24469D11C72360600CF6A0F /* ParentInterface.swift */,
			);
			path = Parent;
			sourceTree = "<group>";
		};
		A2A6E74D1C6F954E00968ACD /* TableSource */ = {
			isa = PBXGroup;
			children = (
				A2A6E7501C6F95AC00968ACD /* TableSource+Implementation.swift */,
				A2A6E74E1C6F955C00968ACD /* TableSource.swift */,
			);
			path = TableSource;
			sourceTree = "<group>";
		};
		A2AD46DA1C74D83A00A509A1 /* NSIndexPath */ = {
			isa = PBXGroup;
			children = (
				A2978E541C7247C800BA1F77 /* NSIndexPath+Additions.swift */,
			);
			path = NSIndexPath;
			sourceTree = "<group>";
		};
		A2C94E881C7660DC0043535F /* SwiftTableTests */ = {
			isa = PBXGroup;
			children = (
				A2C94E8B1C7660DC0043535F /* Info.plist */,
				A2C94E891C7660DC0043535F /* SwiftTableTests.swift */,
			);
			path = SwiftTableTests;
			sourceTree = "<group>";
		};
		A2CF91ED1C7274A300928EE7 /* RowSection */ = {
			isa = PBXGroup;
			children = (
				A2CF91F01C7275BC00928EE7 /* RowSection+Implementation.swift */,
				A2CF91F21C7277C100928EE7 /* RowSection+Interface.swift */,
				A2CF91EE1C7274B000928EE7 /* RowSection.swift */,
			);
			path = RowSection;
			sourceTree = "<group>";
		};
		A2E831E21C6E92DC00614A3D = {
			isa = PBXGroup;
			children = (
				A9DE28CF3FC602B8A7E69F78 /* Frameworks */,
				B0478AAFB5AF78FC4AEBC860 /* Pods */,
				A2E831ED1C6E92DC00614A3D /* Products */,
				A2E831EE1C6E92DC00614A3D /* SwiftTable */,
				A2C94E881C7660DC0043535F /* SwiftTableTests */,
				A237B50A1C6F9D37007B6E14 /* SwiftTable.podspec */,
			);
			sourceTree = "<group>";
		};
		A2E831ED1C6E92DC00614A3D /* Products */ = {
			isa = PBXGroup;
			children = (
				A2E831EC1C6E92DC00614A3D /* SwiftTable.framework */,
				A2C94E871C7660DC0043535F /* SwiftTableTests.xctest */,
			);
			name = Products;
			sourceTree = "<group>";
		};
		A2E831EE1C6E92DC00614A3D /* SwiftTable */ = {
			isa = PBXGroup;
			children = (
				A237B5091C6F9932007B6E14 /* Base */,
				A2E832201C6F841D00614A3D /* Bridge */,
				A2AD46DA1C74D83A00A509A1 /* NSIndexPath */,
				A24469D01C7235F700CF6A0F /* Parent */,
				A2E832211C6F842700614A3D /* Row */,
				A2E8321D1C6F83EC00614A3D /* Section */,
				A2E8321B1C6F83BC00614A3D /* Table */,
				A2E8321F1C6F841300614A3D /* UITableView */,
				A2E831F11C6E92DC00614A3D /* Info.plist */,
				A2E831EF1C6E92DC00614A3D /* SwiftTable.h */,
			);
			path = SwiftTable;
			sourceTree = "<group>";
		};
		A2E8321B1C6F83BC00614A3D /* Table */ = {
			isa = PBXGroup;
			children = (
				A24469C41C721CEA00CF6A0F /* MultiTable */,
				A24469CB1C7226C000CF6A0F /* SectionTable */,
				A2E8321C1C6F83E000614A3D /* TableInterface */,
				A2A6E74D1C6F954E00968ACD /* TableSource */,
			);
			path = Table;
			sourceTree = "<group>";
		};
		A2E8321C1C6F83E000614A3D /* TableInterface */ = {
			isa = PBXGroup;
			children = (
				A2E832191C6F80DD00614A3D /* TableInterface+Implementation.swift */,
				A2E8320F1C6EA72F00614A3D /* TableInterface.swift */,
			);
			path = TableInterface;
			sourceTree = "<group>";
		};
		A2E8321D1C6F83EC00614A3D /* Section */ = {
			isa = PBXGroup;
			children = (
				A2CF91ED1C7274A300928EE7 /* RowSection */,
				A2E8321E1C6F83FA00614A3D /* SectionInterface */,
				A24469BF1C6FEF3200CF6A0F /* SectionSource */,
			);
			path = Section;
			sourceTree = "<group>";
		};
		A2E8321E1C6F83FA00614A3D /* SectionInterface */ = {
			isa = PBXGroup;
			children = (
				A2E832111C6EAB1600614A3D /* SectionInterface.swift */,
			);
			path = SectionInterface;
			sourceTree = "<group>";
		};
		A2E8321F1C6F841300614A3D /* UITableView */ = {
			isa = PBXGroup;
			children = (
				A2E832071C6E989900614A3D /* UITableView+Table.swift */,
			);
			path = UITableView;
			sourceTree = "<group>";
		};
		A2E832201C6F841D00614A3D /* Bridge */ = {
			isa = PBXGroup;
			children = (
				A2E8320B1C6EA40900614A3D /* Bridge+DataSource.swift */,
				A2E8320D1C6EA52D00614A3D /* Bridge+Delegate.swift */,
				A2E832131C6EAC8000614A3D /* Bridge+Interface.swift */,
				A2E832091C6E9B2400614A3D /* Bridge.swift */,
			);
			path = Bridge;
			sourceTree = "<group>";
		};
		A2E832211C6F842700614A3D /* Row */ = {
			isa = PBXGroup;
			children = (
				A24469B81C6FEE5200CF6A0F /* RowSource */,
			);
			path = Row;
			sourceTree = "<group>";
		};
		A9DE28CF3FC602B8A7E69F78 /* Frameworks */ = {
			isa = PBXGroup;
			children = (
				95D35AC7E281463D06911B54 /* libPods-SwiftTableTests.a */,
				E3B14854AC9BC61711B17179 /* Pods_SwiftTable.framework */,
			);
			name = Frameworks;
			sourceTree = "<group>";
		};
		B0478AAFB5AF78FC4AEBC860 /* Pods */ = {
			isa = PBXGroup;
			children = (
				1AFCDBC35AD08D29DA36E185 /* Pods-SwiftTable.debug.xcconfig */,
				202D9A7672A894236C5432FC /* Pods-SwiftTable.release.xcconfig */,
			);
			name = Pods;
			sourceTree = "<group>";
		};
/* End PBXGroup section */

/* Begin PBXHeadersBuildPhase section */
		A2E831E91C6E92DC00614A3D /* Headers */ = {
			isa = PBXHeadersBuildPhase;
			buildActionMask = 2147483647;
			files = (
				A2E831F01C6E92DC00614A3D /* SwiftTable.h in Headers */,
			);
			runOnlyForDeploymentPostprocessing = 0;
		};
/* End PBXHeadersBuildPhase section */

/* Begin PBXNativeTarget section */
		A2C94E861C7660DC0043535F /* SwiftTableTests */ = {
			isa = PBXNativeTarget;
			buildConfigurationList = A2C94E8F1C7660DC0043535F /* Build configuration list for PBXNativeTarget "SwiftTableTests" */;
			buildPhases = (
				A2C94E831C7660DC0043535F /* Sources */,
				A2C94E841C7660DC0043535F /* Frameworks */,
				A2C94E851C7660DC0043535F /* Resources */,
			);
			buildRules = (
			);
			dependencies = (
				A2C94E8E1C7660DC0043535F /* PBXTargetDependency */,
			);
			name = SwiftTableTests;
			productName = SwiftTableTests;
			productReference = A2C94E871C7660DC0043535F /* SwiftTableTests.xctest */;
			productType = "com.apple.product-type.bundle.unit-test";
		};
		A2E831EB1C6E92DC00614A3D /* SwiftTable */ = {
			isa = PBXNativeTarget;
			buildConfigurationList = A2E831F41C6E92DC00614A3D /* Build configuration list for PBXNativeTarget "SwiftTable" */;
			buildPhases = (
				EB3EE5DF5D8B5DE9519E6DD2 /* Check Pods Manifest.lock */,
				A2E831E71C6E92DC00614A3D /* Sources */,
				A2E831E91C6E92DC00614A3D /* Headers */,
				A2E831EA1C6E92DC00614A3D /* Resources */,
				7159C61C0D64F1B53F671433 /* Frameworks */,
				C25995346E230FBBD5BDED10 /* Copy Pods Resources */,
			);
			buildRules = (
			);
			dependencies = (
			);
			name = SwiftTable;
			productName = SwiftTable;
			productReference = A2E831EC1C6E92DC00614A3D /* SwiftTable.framework */;
			productType = "com.apple.product-type.framework";
		};
/* End PBXNativeTarget section */

/* Begin PBXProject section */
		A2E831E31C6E92DC00614A3D /* Project object */ = {
			isa = PBXProject;
			attributes = {
				LastSwiftUpdateCheck = 0720;
				LastUpgradeCheck = 0720;
				ORGANIZATIONNAME = "Brad Hilton";
				TargetAttributes = {
					A2C94E861C7660DC0043535F = {
						CreatedOnToolsVersion = 7.2;
					};
					A2E831EB1C6E92DC00614A3D = {
						CreatedOnToolsVersion = 7.2;
					};
				};
			};
			buildConfigurationList = A2E831E61C6E92DC00614A3D /* Build configuration list for PBXProject "SwiftTable" */;
			compatibilityVersion = "Xcode 3.2";
			developmentRegion = English;
			hasScannedForEncodings = 0;
			knownRegions = (
				en,
			);
			mainGroup = A2E831E21C6E92DC00614A3D;
			productRefGroup = A2E831ED1C6E92DC00614A3D /* Products */;
			projectDirPath = "";
			projectRoot = "";
			targets = (
				A2E831EB1C6E92DC00614A3D /* SwiftTable */,
				A2C94E861C7660DC0043535F /* SwiftTableTests */,
			);
		};
/* End PBXProject section */

/* Begin PBXResourcesBuildPhase section */
		A2C94E851C7660DC0043535F /* Resources */ = {
			isa = PBXResourcesBuildPhase;
			buildActionMask = 2147483647;
			files = (
			);
			runOnlyForDeploymentPostprocessing = 0;
		};
		A2E831EA1C6E92DC00614A3D /* Resources */ = {
			isa = PBXResourcesBuildPhase;
			buildActionMask = 2147483647;
			files = (
				A237B50B1C6F9D37007B6E14 /* SwiftTable.podspec in Resources */,
			);
			runOnlyForDeploymentPostprocessing = 0;
		};
/* End PBXResourcesBuildPhase section */

/* Begin PBXShellScriptBuildPhase section */
		C25995346E230FBBD5BDED10 /* Copy Pods Resources */ = {
			isa = PBXShellScriptBuildPhase;
			buildActionMask = 2147483647;
			files = (
			);
			inputPaths = (
			);
			name = "Copy Pods Resources";
			outputPaths = (
			);
			runOnlyForDeploymentPostprocessing = 0;
			shellPath = /bin/sh;
			shellScript = "\"${SRCROOT}/Pods/Target Support Files/Pods-SwiftTable/Pods-SwiftTable-resources.sh\"\n";
			showEnvVarsInLog = 0;
		};
		EB3EE5DF5D8B5DE9519E6DD2 /* Check Pods Manifest.lock */ = {
			isa = PBXShellScriptBuildPhase;
			buildActionMask = 2147483647;
			files = (
			);
			inputPaths = (
			);
			name = "Check Pods Manifest.lock";
			outputPaths = (
			);
			runOnlyForDeploymentPostprocessing = 0;
			shellPath = /bin/sh;
			shellScript = "diff \"${PODS_ROOT}/../Podfile.lock\" \"${PODS_ROOT}/Manifest.lock\" > /dev/null\nif [[ $? != 0 ]] ; then\n    cat << EOM\nerror: The sandbox is not in sync with the Podfile.lock. Run 'pod install' or update your CocoaPods installation.\nEOM\n    exit 1\nfi\n";
			showEnvVarsInLog = 0;
		};
/* End PBXShellScriptBuildPhase section */

/* Begin PBXSourcesBuildPhase section */
		A2C94E831C7660DC0043535F /* Sources */ = {
			isa = PBXSourcesBuildPhase;
			buildActionMask = 2147483647;
			files = (
				A2C94E8A1C7660DC0043535F /* SwiftTableTests.swift in Sources */,
			);
			runOnlyForDeploymentPostprocessing = 0;
		};
		A2E831E71C6E92DC00614A3D /* Sources */ = {
			isa = PBXSourcesBuildPhase;
			buildActionMask = 2147483647;
			files = (
				A2601A611C729B1800303A09 /* _Row.swift in Sources */,
				A24469CD1C7226D700CF6A0F /* SectionTable.swift in Sources */,
				A2CF91EA1C72508600928EE7 /* SectionSource+TableSource.swift in Sources */,
				A2AD46D91C74D36400A509A1 /* SectionSource+TableInterface.swift in Sources */,
				A2601A5B1C72942700303A09 /* RowSource+SectionSource.swift in Sources */,
				A2CF91F11C7275BC00928EE7 /* RowSection+Implementation.swift in Sources */,
				A24469C11C6FEF3F00CF6A0F /* SectionSource.swift in Sources */,
				A24469D21C72360600CF6A0F /* ParentInterface.swift in Sources */,
				A2A6E7511C6F95AC00968ACD /* TableSource+Implementation.swift in Sources */,
				A237B5081C6F9841007B6E14 /* _Table.swift in Sources */,
				A2E8320A1C6E9B2400614A3D /* Bridge.swift in Sources */,
				A2AD46D71C74D31600A509A1 /* RowSource+SectionInterface.swift in Sources */,
				A24469BD1C6FEE8900CF6A0F /* _Section.swift in Sources */,
				A2CF91EF1C7274B000928EE7 /* RowSection.swift in Sources */,
				A24469C81C721DC400CF6A0F /* MultiTable+Implementation.swift in Sources */,
				A2E832101C6EA72F00614A3D /* TableInterface.swift in Sources */,
				A2E832121C6EAB1600614A3D /* SectionInterface.swift in Sources */,
				A2E8320E1C6EA52D00614A3D /* Bridge+Delegate.swift in Sources */,
				A2978E571C724B2100BA1F77 /* SectionTable+Implementation.swift in Sources */,
				A2978E531C723D8B00BA1F77 /* SectionTable+Interface.swift in Sources */,
				A2CF91EC1C72534900928EE7 /* RowSource+Implementation.swift in Sources */,
				A24469B71C6FEE4E00CF6A0F /* RowSource.swift in Sources */,
				A24469CA1C721E9C00CF6A0F /* MultiTable+Interface.swift in Sources */,
				A2E8321A1C6F80DD00614A3D /* TableInterface+Implementation.swift in Sources */,
				A2E8320C1C6EA40900614A3D /* Bridge+DataSource.swift in Sources */,
				A2A6E74F1C6F955C00968ACD /* TableSource.swift in Sources */,
				A2E832081C6E989900614A3D /* UITableView+Table.swift in Sources */,
				A2978E551C7247C800BA1F77 /* NSIndexPath+Additions.swift in Sources */,
				A24469C61C721CFF00CF6A0F /* MultiTable.swift in Sources */,
				A24469C31C6FEF8700CF6A0F /* SectionSource+Implementation.swift in Sources */,
				A2CF91F31C7277C100928EE7 /* RowSection+Interface.swift in Sources */,
				A2E832141C6EAC8000614A3D /* Bridge+Interface.swift in Sources */,
			);
			runOnlyForDeploymentPostprocessing = 0;
		};
/* End PBXSourcesBuildPhase section */

/* Begin PBXTargetDependency section */
		A2C94E8E1C7660DC0043535F /* PBXTargetDependency */ = {
			isa = PBXTargetDependency;
			target = A2E831EB1C6E92DC00614A3D /* SwiftTable */;
			targetProxy = A2C94E8D1C7660DC0043535F /* PBXContainerItemProxy */;
		};
/* End PBXTargetDependency section */

/* Begin XCBuildConfiguration section */
		A2C94E901C7660DC0043535F /* Debug */ = {
			isa = XCBuildConfiguration;
			buildSettings = {
				INFOPLIST_FILE = SwiftTableTests/Info.plist;
				LD_RUNPATH_SEARCH_PATHS = "$(inherited) @executable_path/Frameworks @loader_path/Frameworks";
				PRODUCT_BUNDLE_IDENTIFIER = com.bradhilton.SwiftTableTests;
				PRODUCT_NAME = "$(TARGET_NAME)";
			};
			name = Debug;
		};
		A2C94E911C7660DC0043535F /* Release */ = {
			isa = XCBuildConfiguration;
			buildSettings = {
				INFOPLIST_FILE = SwiftTableTests/Info.plist;
				LD_RUNPATH_SEARCH_PATHS = "$(inherited) @executable_path/Frameworks @loader_path/Frameworks";
				PRODUCT_BUNDLE_IDENTIFIER = com.bradhilton.SwiftTableTests;
				PRODUCT_NAME = "$(TARGET_NAME)";
			};
			name = Release;
		};
		A2E831F21C6E92DC00614A3D /* Debug */ = {
			isa = XCBuildConfiguration;
			buildSettings = {
				ALWAYS_SEARCH_USER_PATHS = NO;
				CLANG_CXX_LANGUAGE_STANDARD = "gnu++0x";
				CLANG_CXX_LIBRARY = "libc++";
				CLANG_ENABLE_MODULES = YES;
				CLANG_ENABLE_OBJC_ARC = YES;
				CLANG_WARN_BOOL_CONVERSION = YES;
				CLANG_WARN_CONSTANT_CONVERSION = YES;
				CLANG_WARN_DIRECT_OBJC_ISA_USAGE = YES_ERROR;
				CLANG_WARN_EMPTY_BODY = YES;
				CLANG_WARN_ENUM_CONVERSION = YES;
				CLANG_WARN_INT_CONVERSION = YES;
				CLANG_WARN_OBJC_ROOT_CLASS = YES_ERROR;
				CLANG_WARN_UNREACHABLE_CODE = YES;
				CLANG_WARN__DUPLICATE_METHOD_MATCH = YES;
				"CODE_SIGN_IDENTITY[sdk=iphoneos*]" = "iPhone Developer";
				COPY_PHASE_STRIP = NO;
				CURRENT_PROJECT_VERSION = 1;
				DEBUG_INFORMATION_FORMAT = dwarf;
				ENABLE_STRICT_OBJC_MSGSEND = YES;
				ENABLE_TESTABILITY = YES;
				GCC_C_LANGUAGE_STANDARD = gnu99;
				GCC_DYNAMIC_NO_PIC = NO;
				GCC_NO_COMMON_BLOCKS = YES;
				GCC_OPTIMIZATION_LEVEL = 0;
				GCC_PREPROCESSOR_DEFINITIONS = (
					"DEBUG=1",
					"$(inherited)",
				);
				GCC_WARN_64_TO_32_BIT_CONVERSION = YES;
				GCC_WARN_ABOUT_RETURN_TYPE = YES_ERROR;
				GCC_WARN_UNDECLARED_SELECTOR = YES;
				GCC_WARN_UNINITIALIZED_AUTOS = YES_AGGRESSIVE;
				GCC_WARN_UNUSED_FUNCTION = YES;
				GCC_WARN_UNUSED_VARIABLE = YES;
				IPHONEOS_DEPLOYMENT_TARGET = 9.2;
				MTL_ENABLE_DEBUG_INFO = YES;
				ONLY_ACTIVE_ARCH = YES;
				SDKROOT = iphoneos;
				SWIFT_OPTIMIZATION_LEVEL = "-Onone";
				TARGETED_DEVICE_FAMILY = "1,2";
				VERSIONING_SYSTEM = "apple-generic";
				VERSION_INFO_PREFIX = "";
			};
			name = Debug;
		};
		A2E831F31C6E92DC00614A3D /* Release */ = {
			isa = XCBuildConfiguration;
			buildSettings = {
				ALWAYS_SEARCH_USER_PATHS = NO;
				CLANG_CXX_LANGUAGE_STANDARD = "gnu++0x";
				CLANG_CXX_LIBRARY = "libc++";
				CLANG_ENABLE_MODULES = YES;
				CLANG_ENABLE_OBJC_ARC = YES;
				CLANG_WARN_BOOL_CONVERSION = YES;
				CLANG_WARN_CONSTANT_CONVERSION = YES;
				CLANG_WARN_DIRECT_OBJC_ISA_USAGE = YES_ERROR;
				CLANG_WARN_EMPTY_BODY = YES;
				CLANG_WARN_ENUM_CONVERSION = YES;
				CLANG_WARN_INT_CONVERSION = YES;
				CLANG_WARN_OBJC_ROOT_CLASS = YES_ERROR;
				CLANG_WARN_UNREACHABLE_CODE = YES;
				CLANG_WARN__DUPLICATE_METHOD_MATCH = YES;
				"CODE_SIGN_IDENTITY[sdk=iphoneos*]" = "iPhone Developer";
				COPY_PHASE_STRIP = NO;
				CURRENT_PROJECT_VERSION = 1;
				DEBUG_INFORMATION_FORMAT = "dwarf-with-dsym";
				ENABLE_NS_ASSERTIONS = NO;
				ENABLE_STRICT_OBJC_MSGSEND = YES;
				GCC_C_LANGUAGE_STANDARD = gnu99;
				GCC_NO_COMMON_BLOCKS = YES;
				GCC_WARN_64_TO_32_BIT_CONVERSION = YES;
				GCC_WARN_ABOUT_RETURN_TYPE = YES_ERROR;
				GCC_WARN_UNDECLARED_SELECTOR = YES;
				GCC_WARN_UNINITIALIZED_AUTOS = YES_AGGRESSIVE;
				GCC_WARN_UNUSED_FUNCTION = YES;
				GCC_WARN_UNUSED_VARIABLE = YES;
				IPHONEOS_DEPLOYMENT_TARGET = 9.2;
				MTL_ENABLE_DEBUG_INFO = NO;
				SDKROOT = iphoneos;
				TARGETED_DEVICE_FAMILY = "1,2";
				VALIDATE_PRODUCT = YES;
				VERSIONING_SYSTEM = "apple-generic";
				VERSION_INFO_PREFIX = "";
			};
			name = Release;
		};
		A2E831F51C6E92DC00614A3D /* Debug */ = {
			isa = XCBuildConfiguration;
			baseConfigurationReference = 1AFCDBC35AD08D29DA36E185 /* Pods-SwiftTable.debug.xcconfig */;
			buildSettings = {
				CLANG_ENABLE_MODULES = YES;
				DEFINES_MODULE = YES;
				DYLIB_COMPATIBILITY_VERSION = 1;
				DYLIB_CURRENT_VERSION = 1;
				DYLIB_INSTALL_NAME_BASE = "@rpath";
				INFOPLIST_FILE = SwiftTable/Info.plist;
				INSTALL_PATH = "$(LOCAL_LIBRARY_DIR)/Frameworks";
				IPHONEOS_DEPLOYMENT_TARGET = 8.0;
				LD_RUNPATH_SEARCH_PATHS = "$(inherited) @executable_path/Frameworks @loader_path/Frameworks";
				PRODUCT_BUNDLE_IDENTIFIER = com.bradhilton.SwiftTable;
				PRODUCT_NAME = "$(TARGET_NAME)";
				SKIP_INSTALL = YES;
				SWIFT_OPTIMIZATION_LEVEL = "-Onone";
			};
			name = Debug;
		};
		A2E831F61C6E92DC00614A3D /* Release */ = {
			isa = XCBuildConfiguration;
			baseConfigurationReference = 202D9A7672A894236C5432FC /* Pods-SwiftTable.release.xcconfig */;
			buildSettings = {
				CLANG_ENABLE_MODULES = YES;
				DEFINES_MODULE = YES;
				DYLIB_COMPATIBILITY_VERSION = 1;
				DYLIB_CURRENT_VERSION = 1;
				DYLIB_INSTALL_NAME_BASE = "@rpath";
				INFOPLIST_FILE = SwiftTable/Info.plist;
				INSTALL_PATH = "$(LOCAL_LIBRARY_DIR)/Frameworks";
				IPHONEOS_DEPLOYMENT_TARGET = 8.0;
				LD_RUNPATH_SEARCH_PATHS = "$(inherited) @executable_path/Frameworks @loader_path/Frameworks";
				PRODUCT_BUNDLE_IDENTIFIER = com.bradhilton.SwiftTable;
				PRODUCT_NAME = "$(TARGET_NAME)";
				SKIP_INSTALL = YES;
			};
			name = Release;
		};
/* End XCBuildConfiguration section */

/* Begin XCConfigurationList section */
		A2C94E8F1C7660DC0043535F /* Build configuration list for PBXNativeTarget "SwiftTableTests" */ = {
			isa = XCConfigurationList;
			buildConfigurations = (
				A2C94E901C7660DC0043535F /* Debug */,
				A2C94E911C7660DC0043535F /* Release */,
			);
			defaultConfigurationIsVisible = 0;
			defaultConfigurationName = Release;
		};
		A2E831E61C6E92DC00614A3D /* Build configuration list for PBXProject "SwiftTable" */ = {
			isa = XCConfigurationList;
			buildConfigurations = (
				A2E831F21C6E92DC00614A3D /* Debug */,
				A2E831F31C6E92DC00614A3D /* Release */,
			);
			defaultConfigurationIsVisible = 0;
			defaultConfigurationName = Release;
		};
		A2E831F41C6E92DC00614A3D /* Build configuration list for PBXNativeTarget "SwiftTable" */ = {
			isa = XCConfigurationList;
			buildConfigurations = (
				A2E831F51C6E92DC00614A3D /* Debug */,
				A2E831F61C6E92DC00614A3D /* Release */,
			);
			defaultConfigurationIsVisible = 0;
			defaultConfigurationName = Release;
		};
/* End XCConfigurationList section */
	};
	rootObject = A2E831E31C6E92DC00614A3D /* Project object */;
}
